Microsoft Visual Studio Solution File, Format Version 10.00
# Visual Studio 2008
Project("{8BC9CEB8-8B4A-11D0-8D11-00A0C91BC942}") = "cstdmf", "..\..\lib\cstdmf\cstdmf2008.vcproj", "{4642B64B-ABF7-4FAB-903E-EB1E7CBF8A81}"
EndProject
Project("{8BC9CEB8-8B4A-11D0-8D11-00A0C91BC942}") = "network", "..\..\lib\network\network2008.vcproj", "{452C08A8-4B8E-4275-9207-81840EA8148E}"
	ProjectSection(ProjectDependencies) = postProject
		{204D85B9-F793-4F21-99FF-40AC92A08E5D} = {204D85B9-F793-4F21-99FF-40AC92A08E5D}
		{4642B64B-ABF7-4FAB-903E-EB1E7CBF8A81} = {4642B64B-ABF7-4FAB-903E-EB1E7CBF8A81}
	EndProjectSection
EndProject
Project("{8BC9CEB8-8B4A-11D0-8D11-00A0C91BC942}") = "math", "..\..\lib\math\math3d2008.vcproj", "{5DC4CC9A-3052-4076-A8D4-FE229C1AC141}"
EndProject
Project("{8BC9CEB8-8B4A-11D0-8D11-00A0C91BC942}") = "resmgr", "..\..\lib\resmgr\resmgr2008.vcproj", "{204D85B9-F793-4F21-99FF-40AC92A08E5D}"
	ProjectSection(ProjectDependencies) = postProject
		{1ABB1158-909C-4AD4-9F81-CB38BBA5D950} = {1ABB1158-909C-4AD4-9F81-CB38BBA5D950}
		{4642B64B-ABF7-4FAB-903E-EB1E7CBF8A81} = {4642B64B-ABF7-4FAB-903E-EB1E7CBF8A81}
	EndProjectSection
EndProject
Project("{8BC9CEB8-8B4A-11D0-8D11-00A0C91BC942}") = "entitydef", "..\..\lib\entitydef\entitydef2008.vcproj", "{1822802B-886E-468A-B571-A034001F0B30}"
	ProjectSection(ProjectDependencies) = postProject
		{87B6D90B-35B0-43E6-8506-9EEF75584B9B} = {87B6D90B-35B0-43E6-8506-9EEF75584B9B}
	EndProjectSection
EndProject
Project("{8BC9CEB8-8B4A-11D0-8D11-00A0C91BC942}") = "client2", "client2_2008.vcproj", "{1F1425F6-2892-4622-A108-1F849689AA26}"
	ProjectSection(ProjectDependencies) = postProject
		{ACA40B35-0C48-4BB8-85FE-5376BD38211D} = {ACA40B35-0C48-4BB8-85FE-5376BD38211D}
		{12ED0DA4-E297-4762-90A6-3AEE281E54B3} = {12ED0DA4-E297-4762-90A6-3AEE281E54B3}
		{CF7AC3D1-E2DF-41D2-BEA6-1E2556CDEA26} = {CF7AC3D1-E2DF-41D2-BEA6-1E2556CDEA26}
		{204D85B9-F793-4F21-99FF-40AC92A08E5D} = {204D85B9-F793-4F21-99FF-40AC92A08E5D}
		{452C08A8-4B8E-4275-9207-81840EA8148E} = {452C08A8-4B8E-4275-9207-81840EA8148E}
		{5DC4CC9A-3052-4076-A8D4-FE229C1AC141} = {5DC4CC9A-3052-4076-A8D4-FE229C1AC141}
		{B5F7425C-71CE-4E69-9EB7-C1F68823C677} = {B5F7425C-71CE-4E69-9EB7-C1F68823C677}
		{1ABB1158-909C-4AD4-9F81-CB38BBA5D950} = {1ABB1158-909C-4AD4-9F81-CB38BBA5D950}
		{4642B64B-ABF7-4FAB-903E-EB1E7CBF8A81} = {4642B64B-ABF7-4FAB-903E-EB1E7CBF8A81}
		{1822802B-886E-468A-B571-A034001F0B30} = {1822802B-886E-468A-B571-A034001F0B30}
		{87B6D90B-35B0-43E6-8506-9EEF75584B9B} = {87B6D90B-35B0-43E6-8506-9EEF75584B9B}
		{F158F1DC-D98F-465E-A153-D73259884A9F} = {F158F1DC-D98F-465E-A153-D73259884A9F}
		{A21801EE-C2C0-4AE9-A9D1-72257F08D5BD} = {A21801EE-C2C0-4AE9-A9D1-72257F08D5BD}
	EndProjectSection
EndProject
Project("{8BC9CEB8-8B4A-11D0-8D11-00A0C91BC942}") = "pyscript", "..\..\lib\pyscript\pyscript2008.vcproj", "{87B6D90B-35B0-43E6-8506-9EEF75584B9B}"
	ProjectSection(ProjectDependencies) = postProject
		{CF7AC3D1-E2DF-41D2-BEA6-1E2556CDEA26} = {CF7AC3D1-E2DF-41D2-BEA6-1E2556CDEA26}
	EndProjectSection
EndProject
Project("{8BC9CEB8-8B4A-11D0-8D11-00A0C91BC942}") = "zip", "..\..\lib\zip\zip2008.vcproj", "{1ABB1158-909C-4AD4-9F81-CB38BBA5D950}"
EndProject
Project("{8BC9CEB8-8B4A-11D0-8D11-00A0C91BC942}") = "model", "..\..\lib\model\model2008.vcproj", "{F158F1DC-D98F-465E-A153-D73259884A9F}"
EndProject
Project("{8BC9CEB8-8B4A-11D0-8D11-00A0C91BC942}") = "pythoncore", "..\..\lib\python\PC\VS8.0\pythoncore2008.vcproj", "{CF7AC3D1-E2DF-41D2-BEA6-1E2556CDEA26}"
	ProjectSection(ProjectDependencies) = postProject
		{1ABB1158-909C-4AD4-9F81-CB38BBA5D950} = {1ABB1158-909C-4AD4-9F81-CB38BBA5D950}
	EndProjectSection
EndProject
Project("{8BC9CEB8-8B4A-11D0-8D11-00A0C91BC942}") = "chunk", "..\..\lib\chunk\chunk2008.vcproj", "{B5F7425C-71CE-4E69-9EB7-C1F68823C677}"
	ProjectSection(ProjectDependencies) = postProject
		{F158F1DC-D98F-465E-A153-D73259884A9F} = {F158F1DC-D98F-465E-A153-D73259884A9F}
	EndProjectSection
EndProject
Project("{8BC9CEB8-8B4A-11D0-8D11-00A0C91BC942}") = "physics2", "..\..\lib\physics2\physics22008.vcproj", "{A21801EE-C2C0-4AE9-A9D1-72257F08D5BD}"
EndProject
Project("{8BC9CEB8-8B4A-11D0-8D11-00A0C91BC942}") = "connection", "..\..\lib\connection\connection2008.vcproj", "{12ED0DA4-E297-4762-90A6-3AEE281E54B3}"
EndProject
Project("{8BC9CEB8-8B4A-11D0-8D11-00A0C91BC942}") = "nedalloc", "..\..\lib\third_party\nedalloc\nedmalloc2008.vcproj", "{ACA40B35-0C48-4BB8-85FE-5376BD38211D}"
EndProject
Global
	GlobalSection(SolutionConfigurationPlatforms) = preSolution
		Consumer_Release|Win32 = Consumer_Release|Win32
		Debug|Win32 = Debug|Win32
		Evaluation|Win32 = Evaluation|Win32
		Hybrid|Win32 = Hybrid|Win32
		PyModule_Hybrid|Win32 = PyModule_Hybrid|Win32
		Release|Win32 = Release|Win32
	EndGlobalSection
	GlobalSection(ProjectConfigurationPlatforms) = postSolution
		{4642B64B-ABF7-4FAB-903E-EB1E7CBF8A81}.Consumer_Release|Win32.ActiveCfg = Consumer_Release|Win32
		{4642B64B-ABF7-4FAB-903E-EB1E7CBF8A81}.Consumer_Release|Win32.Build.0 = Consumer_Release|Win32
		{4642B64B-ABF7-4FAB-903E-EB1E7CBF8A81}.Debug|Win32.ActiveCfg = Debug|Win32
		{4642B64B-ABF7-4FAB-903E-EB1E7CBF8A81}.Debug|Win32.Build.0 = Debug|Win32
		{4642B64B-ABF7-4FAB-903E-EB1E7CBF8A81}.Evaluation|Win32.ActiveCfg = Evaluation|Win32
		{4642B64B-ABF7-4FAB-903E-EB1E7CBF8A81}.Evaluation|Win32.Build.0 = Evaluation|Win32
		{4642B64B-ABF7-4FAB-903E-EB1E7CBF8A81}.Hybrid|Win32.ActiveCfg = Hybrid|Win32
		{4642B64B-ABF7-4FAB-903E-EB1E7CBF8A81}.Hybrid|Win32.Build.0 = Hybrid|Win32
		{4642B64B-ABF7-4FAB-903E-EB1E7CBF8A81}.PyModule_Hybrid|Win32.ActiveCfg = PyModule_Hybrid|Win32
		{4642B64B-ABF7-4FAB-903E-EB1E7CBF8A81}.PyModule_Hybrid|Win32.Build.0 = PyModule_Hybrid|Win32
		{4642B64B-ABF7-4FAB-903E-EB1E7CBF8A81}.Release|Win32.ActiveCfg = Release|Win32
		{4642B64B-ABF7-4FAB-903E-EB1E7CBF8A81}.Release|Win32.Build.0 = Release|Win32
		{452C08A8-4B8E-4275-9207-81840EA8148E}.Consumer_Release|Win32.ActiveCfg = Consumer_Release|Win32
		{452C08A8-4B8E-4275-9207-81840EA8148E}.Consumer_Release|Win32.Build.0 = Consumer_Release|Win32
		{452C08A8-4B8E-4275-9207-81840EA8148E}.Debug|Win32.ActiveCfg = Debug|Win32
		{452C08A8-4B8E-4275-9207-81840EA8148E}.Debug|Win32.Build.0 = Debug|Win32
		{452C08A8-4B8E-4275-9207-81840EA8148E}.Evaluation|Win32.ActiveCfg = Evaluation|Win32
		{452C08A8-4B8E-4275-9207-81840EA8148E}.Evaluation|Win32.Build.0 = Evaluation|Win32
		{452C08A8-4B8E-4275-9207-81840EA8148E}.Hybrid|Win32.ActiveCfg = Hybrid|Win32
		{452C08A8-4B8E-4275-9207-81840EA8148E}.Hybrid|Win32.Build.0 = Hybrid|Win32
		{452C08A8-4B8E-4275-9207-81840EA8148E}.PyModule_Hybrid|Win32.ActiveCfg = PyModule_Hybrid|Win32
		{452C08A8-4B8E-4275-9207-81840EA8148E}.PyModule_Hybrid|Win32.Build.0 = PyModule_Hybrid|Win32
		{452C08A8-4B8E-4275-9207-81840EA8148E}.Release|Win32.ActiveCfg = Release|Win32
		{452C08A8-4B8E-4275-9207-81840EA8148E}.Release|Win32.Build.0 = Release|Win32
		{5DC4CC9A-3052-4076-A8D4-FE229C1AC141}.Consumer_Release|Win32.ActiveCfg = Consumer_Release|Win32
		{5DC4CC9A-3052-4076-A8D4-FE229C1AC141}.Consumer_Release|Win32.Build.0 = Consumer_Release|Win32
		{5DC4CC9A-3052-4076-A8D4-FE229C1AC141}.Debug|Win32.ActiveCfg = Debug|Win32
		{5DC4CC9A-3052-4076-A8D4-FE229C1AC141}.Debug|Win32.Build.0 = Debug|Win32
		{5DC4CC9A-3052-4076-A8D4-FE229C1AC141}.Evaluation|Win32.ActiveCfg = Evaluation|Win32
		{5DC4CC9A-3052-4076-A8D4-FE229C1AC141}.Evaluation|Win32.Build.0 = Evaluation|Win32
		{5DC4CC9A-3052-4076-A8D4-FE229C1AC141}.Hybrid|Win32.ActiveCfg = Hybrid|Win32
		{5DC4CC9A-3052-4076-A8D4-FE229C1AC141}.Hybrid|Win32.Build.0 = Hybrid|Win32
		{5DC4CC9A-3052-4076-A8D4-FE229C1AC141}.PyModule_Hybrid|Win32.ActiveCfg = PyModule_Hybrid|Win32
		{5DC4CC9A-3052-4076-A8D4-FE229C1AC141}.PyModule_Hybrid|Win32.Build.0 = PyModule_Hybrid|Win32
		{5DC4CC9A-3052-4076-A8D4-FE229C1AC141}.Release|Win32.ActiveCfg = Release|Win32
		{5DC4CC9A-3052-4076-A8D4-FE229C1AC141}.Release|Win32.Build.0 = Release|Win32
		{204D85B9-F793-4F21-99FF-40AC92A08E5D}.Consumer_Release|Win32.ActiveCfg = Consumer_Release|Win32
		{204D85B9-F793-4F21-99FF-40AC92A08E5D}.Consumer_Release|Win32.Build.0 = Consumer_Release|Win32
		{204D85B9-F793-4F21-99FF-40AC92A08E5D}.Debug|Win32.ActiveCfg = Debug|Win32
		{204D85B9-F793-4F21-99FF-40AC92A08E5D}.Debug|Win32.Build.0 = Debug|Win32
		{204D85B9-F793-4F21-99FF-40AC92A08E5D}.Evaluation|Win32.ActiveCfg = Evaluation|Win32
		{204D85B9-F793-4F21-99FF-40AC92A08E5D}.Evaluation|Win32.Build.0 = Evaluation|Win32
		{204D85B9-F793-4F21-99FF-40AC92A08E5D}.Hybrid|Win32.ActiveCfg = Hybrid|Win32
		{204D85B9-F793-4F21-99FF-40AC92A08E5D}.Hybrid|Win32.Build.0 = Hybrid|Win32
		{204D85B9-F793-4F21-99FF-40AC92A08E5D}.PyModule_Hybrid|Win32.ActiveCfg = PyModule_Hybrid|Win32
		{204D85B9-F793-4F21-99FF-40AC92A08E5D}.PyModule_Hybrid|Win32.Build.0 = PyModule_Hybrid|Win32
		{204D85B9-F793-4F21-99FF-40AC92A08E5D}.Release|Win32.ActiveCfg = Release|Win32
		{204D85B9-F793-4F21-99FF-40AC92A08E5D}.Release|Win32.Build.0 = Release|Win32
		{1822802B-886E-468A-B571-A034001F0B30}.Consumer_Release|Win32.ActiveCfg = Consumer_Release|Win32
		{1822802B-886E-468A-B571-A034001F0B30}.Consumer_Release|Win32.Build.0 = Consumer_Release|Win32
		{1822802B-886E-468A-B571-A034001F0B30}.Debug|Win32.ActiveCfg = Debug|Win32
		{1822802B-886E-468A-B571-A034001F0B30}.Debug|Win32.Build.0 = Debug|Win32
		{1822802B-886E-468A-B571-A034001F0B30}.Evaluation|Win32.ActiveCfg = Evaluation|Win32
		{1822802B-886E-468A-B571-A034001F0B30}.Evaluation|Win32.Build.0 = Evaluation|Win32
		{1822802B-886E-468A-B571-A034001F0B30}.Hybrid|Win32.ActiveCfg = Hybrid|Win32
		{1822802B-886E-468A-B571-A034001F0B30}.Hybrid|Win32.Build.0 = Hybrid|Win32
		{1822802B-886E-468A-B571-A034001F0B30}.PyModule_Hybrid|Win32.ActiveCfg = PyModule_Hybrid|Win32
		{1822802B-886E-468A-B571-A034001F0B30}.PyModule_Hybrid|Win32.Build.0 = PyModule_Hybrid|Win32
		{1822802B-886E-468A-B571-A034001F0B30}.Release|Win32.ActiveCfg = Release|Win32
		{1822802B-886E-468A-B571-A034001F0B30}.Release|Win32.Build.0 = Release|Win32
		{1F1425F6-2892-4622-A108-1F849689AA26}.Consumer_Release|Win32.ActiveCfg = Release|Win32
		{1F1425F6-2892-4622-A108-1F849689AA26}.Consumer_Release|Win32.Build.0 = Release|Win32
		{1F1425F6-2892-4622-A108-1F849689AA26}.Debug|Win32.ActiveCfg = Debug|Win32
		{1F1425F6-2892-4622-A108-1F849689AA26}.Debug|Win32.Build.0 = Debug|Win32
		{1F1425F6-2892-4622-A108-1F849689AA26}.Evaluation|Win32.ActiveCfg = Hybrid|Win32
		{1F1425F6-2892-4622-A108-1F849689AA26}.Evaluation|Win32.Build.0 = Hybrid|Win32
		{1F1425F6-2892-4622-A108-1F849689AA26}.Hybrid|Win32.ActiveCfg = Hybrid|Win32
		{1F1425F6-2892-4622-A108-1F849689AA26}.Hybrid|Win32.Build.0 = Hybrid|Win32
		{1F1425F6-2892-4622-A108-1F849689AA26}.PyModule_Hybrid|Win32.ActiveCfg = Hybrid|Win32
		{1F1425F6-2892-4622-A108-1F849689AA26}.PyModule_Hybrid|Win32.Build.0 = Hybrid|Win32
		{1F1425F6-2892-4622-A108-1F849689AA26}.Release|Win32.ActiveCfg = Release|Win32
		{1F1425F6-2892-4622-A108-1F849689AA26}.Release|Win32.Build.0 = Release|Win32
		{87B6D90B-35B0-43E6-8506-9EEF75584B9B}.Consumer_Release|Win32.ActiveCfg = Consumer_Release|Win32
		{87B6D90B-35B0-43E6-8506-9EEF75584B9B}.Consumer_Release|Win32.Build.0 = Consumer_Release|Win32
		{87B6D90B-35B0-43E6-8506-9EEF75584B9B}.Debug|Win32.ActiveCfg = Debug|Win32
		{87B6D90B-35B0-43E6-8506-9EEF75584B9B}.Debug|Win32.Build.0 = Debug|Win32
		{87B6D90B-35B0-43E6-8506-9EEF75584B9B}.Evaluation|Win32.ActiveCfg = Evaluation|Win32
		{87B6D90B-35B0-43E6-8506-9EEF75584B9B}.Evaluation|Win32.Build.0 = Evaluation|Win32
		{87B6D90B-35B0-43E6-8506-9EEF75584B9B}.Hybrid|Win32.ActiveCfg = Hybrid|Win32
		{87B6D90B-35B0-43E6-8506-9EEF75584B9B}.Hybrid|Win32.Build.0 = Hybrid|Win32
		{87B6D90B-35B0-43E6-8506-9EEF75584B9B}.PyModule_Hybrid|Win32.ActiveCfg = PyModule_Hybrid|Win32
		{87B6D90B-35B0-43E6-8506-9EEF75584B9B}.PyModule_Hybrid|Win32.Build.0 = PyModule_Hybrid|Win32
		{87B6D90B-35B0-43E6-8506-9EEF75584B9B}.Release|Win32.ActiveCfg = Release|Win32
		{87B6D90B-35B0-43E6-8506-9EEF75584B9B}.Release|Win32.Build.0 = Release|Win32
		{1ABB1158-909C-4AD4-9F81-CB38BBA5D950}.Consumer_Release|Win32.ActiveCfg = Consumer_Release|Win32
		{1ABB1158-909C-4AD4-9F81-CB38BBA5D950}.Consumer_Release|Win32.Build.0 = Consumer_Release|Win32
		{1ABB1158-909C-4AD4-9F81-CB38BBA5D950}.Debug|Win32.ActiveCfg = Debug|Win32
		{1ABB1158-909C-4AD4-9F81-CB38BBA5D950}.Debug|Win32.Build.0 = Debug|Win32
		{1ABB1158-909C-4AD4-9F81-CB38BBA5D950}.Evaluation|Win32.ActiveCfg = Evaluation|Win32
		{1ABB1158-909C-4AD4-9F81-CB38BBA5D950}.Evaluation|Win32.Build.0 = Evaluation|Win32
		{1ABB1158-909C-4AD4-9F81-CB38BBA5D950}.Hybrid|Win32.ActiveCfg = Hybrid|Win32
		{1ABB1158-909C-4AD4-9F81-CB38BBA5D950}.Hybrid|Win32.Build.0 = Hybrid|Win32
		{1ABB1158-909C-4AD4-9F81-CB38BBA5D950}.PyModule_Hybrid|Win32.ActiveCfg = PyModule_Hybrid|Win32
		{1ABB1158-909C-4AD4-9F81-CB38BBA5D950}.PyModule_Hybrid|Win32.Build.0 = PyModule_Hybrid|Win32
		{1ABB1158-909C-4AD4-9F81-CB38BBA5D950}.Release|Win32.ActiveCfg = Release|Win32
		{1ABB1158-909C-4AD4-9F81-CB38BBA5D950}.Release|Win32.Build.0 = Release|Win32
		{F158F1DC-D98F-465E-A153-D73259884A9F}.Consumer_Release|Win32.ActiveCfg = Consumer_Release|Win32
		{F158F1DC-D98F-465E-A153-D73259884A9F}.Consumer_Release|Win32.Build.0 = Consumer_Release|Win32
		{F158F1DC-D98F-465E-A153-D73259884A9F}.Debug|Win32.ActiveCfg = Debug|Win32
		{F158F1DC-D98F-465E-A153-D73259884A9F}.Debug|Win32.Build.0 = Debug|Win32
		{F158F1DC-D98F-465E-A153-D73259884A9F}.Evaluation|Win32.ActiveCfg = Evaluation|Win32
		{F158F1DC-D98F-465E-A153-D73259884A9F}.Evaluation|Win32.Build.0 = Evaluation|Win32
		{F158F1DC-D98F-465E-A153-D73259884A9F}.Hybrid|Win32.ActiveCfg = Hybrid|Win32
		{F158F1DC-D98F-465E-A153-D73259884A9F}.Hybrid|Win32.Build.0 = Hybrid|Win32
		{F158F1DC-D98F-465E-A153-D73259884A9F}.PyModule_Hybrid|Win32.ActiveCfg = PyModule_Hybrid|Win32
		{F158F1DC-D98F-465E-A153-D73259884A9F}.PyModule_Hybrid|Win32.Build.0 = PyModule_Hybrid|Win32
		{F158F1DC-D98F-465E-A153-D73259884A9F}.Release|Win32.ActiveCfg = Release|Win32
		{F158F1DC-D98F-465E-A153-D73259884A9F}.Release|Win32.Build.0 = Release|Win32
		{CF7AC3D1-E2DF-41D2-BEA6-1E2556CDEA26}.Consumer_Release|Win32.ActiveCfg = Consumer_Release|Win32
		{CF7AC3D1-E2DF-41D2-BEA6-1E2556CDEA26}.Consumer_Release|Win32.Build.0 = Consumer_Release|Win32
		{CF7AC3D1-E2DF-41D2-BEA6-1E2556CDEA26}.Debug|Win32.ActiveCfg = Debug|Win32
		{CF7AC3D1-E2DF-41D2-BEA6-1E2556CDEA26}.Debug|Win32.Build.0 = Debug|Win32
		{CF7AC3D1-E2DF-41D2-BEA6-1E2556CDEA26}.Evaluation|Win32.ActiveCfg = Evaluation|Win32
		{CF7AC3D1-E2DF-41D2-BEA6-1E2556CDEA26}.Evaluation|Win32.Build.0 = Evaluation|Win32
		{CF7AC3D1-E2DF-41D2-BEA6-1E2556CDEA26}.Hybrid|Win32.ActiveCfg = Hybrid|Win32
		{CF7AC3D1-E2DF-41D2-BEA6-1E2556CDEA26}.Hybrid|Win32.Build.0 = Hybrid|Win32
		{CF7AC3D1-E2DF-41D2-BEA6-1E2556CDEA26}.PyModule_Hybrid|Win32.ActiveCfg = PyModule_Hybrid|Win32
		{CF7AC3D1-E2DF-41D2-BEA6-1E2556CDEA26}.PyModule_Hybrid|Win32.Build.0 = PyModule_Hybrid|Win32
		{CF7AC3D1-E2DF-41D2-BEA6-1E2556CDEA26}.Release|Win32.ActiveCfg = Release|Win32
		{CF7AC3D1-E2DF-41D2-BEA6-1E2556CDEA26}.Release|Win32.Build.0 = Release|Win32
		{B5F7425C-71CE-4E69-9EB7-C1F68823C677}.Consumer_Release|Win32.ActiveCfg = Consumer_Release|Win32
		{B5F7425C-71CE-4E69-9EB7-C1F68823C677}.Consumer_Release|Win32.Build.0 = Consumer_Release|Win32
		{B5F7425C-71CE-4E69-9EB7-C1F68823C677}.Debug|Win32.ActiveCfg = Debug|Win32
		{B5F7425C-71CE-4E69-9EB7-C1F68823C677}.Debug|Win32.Build.0 = Debug|Win32
		{B5F7425C-71CE-4E69-9EB7-C1F68823C677}.Evaluation|Win32.ActiveCfg = Evaluation|Win32
		{B5F7425C-71CE-4E69-9EB7-C1F68823C677}.Evaluation|Win32.Build.0 = Evaluation|Win32
		{B5F7425C-71CE-4E69-9EB7-C1F68823C677}.Hybrid|Win32.ActiveCfg = Hybrid|Win32
		{B5F7425C-71CE-4E69-9EB7-C1F68823C677}.Hybrid|Win32.Build.0 = Hybrid|Win32
		{B5F7425C-71CE-4E69-9EB7-C1F68823C677}.PyModule_Hybrid|Win32.ActiveCfg = PyModule_Hybrid|Win32
		{B5F7425C-71CE-4E69-9EB7-C1F68823C677}.PyModule_Hybrid|Win32.Build.0 = PyModule_Hybrid|Win32
		{B5F7425C-71CE-4E69-9EB7-C1F68823C677}.Release|Win32.ActiveCfg = Release|Win32
		{B5F7425C-71CE-4E69-9EB7-C1F68823C677}.Release|Win32.Build.0 = Release|Win32
		{A21801EE-C2C0-4AE9-A9D1-72257F08D5BD}.Consumer_Release|Win32.ActiveCfg = Consumer_Release|Win32
		{A21801EE-C2C0-4AE9-A9D1-72257F08D5BD}.Consumer_Release|Win32.Build.0 = Consumer_Release|Win32
		{A21801EE-C2C0-4AE9-A9D1-72257F08D5BD}.Debug|Win32.ActiveCfg = Debug|Win32
		{A21801EE-C2C0-4AE9-A9D1-72257F08D5BD}.Debug|Win32.Build.0 = Debug|Win32
		{A21801EE-C2C0-4AE9-A9D1-72257F08D5BD}.Evaluation|Win32.ActiveCfg = Evaluation|Win32
		{A21801EE-C2C0-4AE9-A9D1-72257F08D5BD}.Evaluation|Win32.Build.0 = Evaluation|Win32
		{A21801EE-C2C0-4AE9-A9D1-72257F08D5BD}.Hybrid|Win32.ActiveCfg = Hybrid|Win32
		{A21801EE-C2C0-4AE9-A9D1-72257F08D5BD}.Hybrid|Win32.Build.0 = Hybrid|Win32
		{A21801EE-C2C0-4AE9-A9D1-72257F08D5BD}.PyModule_Hybrid|Win32.ActiveCfg = PyModule_Hybrid|Win32
		{A21801EE-C2C0-4AE9-A9D1-72257F08D5BD}.PyModule_Hybrid|Win32.Build.0 = PyModule_Hybrid|Win32
		{A21801EE-C2C0-4AE9-A9D1-72257F08D5BD}.Release|Win32.ActiveCfg = Release|Win32
		{A21801EE-C2C0-4AE9-A9D1-72257F08D5BD}.Release|Win32.Build.0 = Release|Win32
		{12ED0DA4-E297-4762-90A6-3AEE281E54B3}.Consumer_Release|Win32.ActiveCfg = Consumer_Release|Win32
		{12ED0DA4-E297-4762-90A6-3AEE281E54B3}.Consumer_Release|Win32.Build.0 = Consumer_Release|Win32
		{12ED0DA4-E297-4762-90A6-3AEE281E54B3}.Debug|Win32.ActiveCfg = Debug|Win32
		{12ED0DA4-E297-4762-90A6-3AEE281E54B3}.Debug|Win32.Build.0 = Debug|Win32
		{12ED0DA4-E297-4762-90A6-3AEE281E54B3}.Evaluation|Win32.ActiveCfg = Evaluation|Win32
		{12ED0DA4-E297-4762-90A6-3AEE281E54B3}.Evaluation|Win32.Build.0 = Evaluation|Win32
		{12ED0DA4-E297-4762-90A6-3AEE281E54B3}.Hybrid|Win32.ActiveCfg = Hybrid|Win32
		{12ED0DA4-E297-4762-90A6-3AEE281E54B3}.Hybrid|Win32.Build.0 = Hybrid|Win32
		{12ED0DA4-E297-4762-90A6-3AEE281E54B3}.PyModule_Hybrid|Win32.ActiveCfg = PyModule_Hybrid|Win32
		{12ED0DA4-E297-4762-90A6-3AEE281E54B3}.PyModule_Hybrid|Win32.Build.0 = PyModule_Hybrid|Win32
		{12ED0DA4-E297-4762-90A6-3AEE281E54B3}.Release|Win32.ActiveCfg = Release|Win32
		{12ED0DA4-E297-4762-90A6-3AEE281E54B3}.Release|Win32.Build.0 = Release|Win32
		{ACA40B35-0C48-4BB8-85FE-5376BD38211D}.Consumer_Release|Win32.ActiveCfg = Consumer_Release|Win32
		{ACA40B35-0C48-4BB8-85FE-5376BD38211D}.Consumer_Release|Win32.Build.0 = Consumer_Release|Win32
		{ACA40B35-0C48-4BB8-85FE-5376BD38211D}.Debug|Win32.ActiveCfg = Debug|Win32
		{ACA40B35-0C48-4BB8-85FE-5376BD38211D}.Debug|Win32.Build.0 = Debug|Win32
		{ACA40B35-0C48-4BB8-85FE-5376BD38211D}.Evaluation|Win32.ActiveCfg = Evaluation|Win32
		{ACA40B35-0C48-4BB8-85FE-5376BD38211D}.Evaluation|Win32.Build.0 = Evaluation|Win32
		{ACA40B35-0C48-4BB8-85FE-5376BD38211D}.Hybrid|Win32.ActiveCfg = Hybrid|Win32
		{ACA40B35-0C48-4BB8-85FE-5376BD38211D}.Hybrid|Win32.Build.0 = Hybrid|Win32
		{ACA40B35-0C48-4BB8-85FE-5376BD38211D}.PyModule_Hybrid|Win32.ActiveCfg = PyModule_Hybrid|Win32
		{ACA40B35-0C48-4BB8-85FE-5376BD38211D}.PyModule_Hybrid|Win32.Build.0 = PyModule_Hybrid|Win32
		{ACA40B35-0C48-4BB8-85FE-5376BD38211D}.Release|Win32.ActiveCfg = Release|Win32
		{ACA40B35-0C48-4BB8-85FE-5376BD38211D}.Release|Win32.Build.0 = Release|Win32
	EndGlobalSection
	GlobalSection(SolutionProperties) = preSolution
		HideSolutionNode = FALSE
	EndGlobalSection
EndGlobal
