Microsoft Visual Studio Solution File, Format Version 9.00
# Visual Studio 2005
Project("{8BC9CEB8-8B4A-11D0-8D11-00A0C91BC942}") = "cstdmf_360", "..\..\lib\cstdmf\cstdmf_360.vcproj", "{4642B64B-ABF7-4FAB-903E-EB1E7CBF8A81}"
EndProject
Project("{8BC9CEB8-8B4A-11D0-8D11-00A0C91BC942}") = "network_360", "..\..\lib\network\network_360.vcproj", "{452C08A8-4B8E-4275-9207-81840EA8148E}"
EndProject
Project("{8BC9CEB8-8B4A-11D0-8D11-00A0C91BC942}") = "math3D_360", "..\..\lib\math\math3d_360.vcproj", "{5DC4CC9A-3052-4076-A8D4-FE229C1AC141}"
EndProject
Project("{8BC9CEB8-8B4A-11D0-8D11-00A0C91BC942}") = "client1_360", "client_360.vcproj", "{860F2CD0-747F-4A39-AEA1-87914F2E6EA9}"
	ProjectSection(ProjectDependencies) = postProject
		{4642B64B-ABF7-4FAB-903E-EB1E7CBF8A81} = {4642B64B-ABF7-4FAB-903E-EB1E7CBF8A81}
		{5DC4CC9A-3052-4076-A8D4-FE229C1AC141} = {5DC4CC9A-3052-4076-A8D4-FE229C1AC141}
		{452C08A8-4B8E-4275-9207-81840EA8148E} = {452C08A8-4B8E-4275-9207-81840EA8148E}
	EndProjectSection
EndProject
Global
	GlobalSection(SolutionConfigurationPlatforms) = preSolution
		Debug|Xbox 360 = Debug|Xbox 360
		Editor_Debug|Xbox 360 = Editor_Debug|Xbox 360
		Editor_Hybrid|Xbox 360 = Editor_Hybrid|Xbox 360
		Eval_Release|Xbox 360 = Eval_Release|Xbox 360
		Hybrid|Xbox 360 = Hybrid|Xbox 360
		Profile_FastCap|Xbox 360 = Profile_FastCap|Xbox 360
		Profile|Xbox 360 = Profile|Xbox 360
		Release_LTCG|Xbox 360 = Release_LTCG|Xbox 360
		Release|Xbox 360 = Release|Xbox 360
		Single_Threaded_Debug|Xbox 360 = Single_Threaded_Debug|Xbox 360
		Single_Threaded_Hybrid|Xbox 360 = Single_Threaded_Hybrid|Xbox 360
		Single_Threaded_Release|Xbox 360 = Single_Threaded_Release|Xbox 360
		Single_Threaded_Static_Debug|Xbox 360 = Single_Threaded_Static_Debug|Xbox 360
		Single_Threaded_Static_Release|Xbox 360 = Single_Threaded_Static_Release|Xbox 360
		Static_Debug|Xbox 360 = Static_Debug|Xbox 360
		Static_Release|Xbox 360 = Static_Release|Xbox 360
	EndGlobalSection
	GlobalSection(ProjectConfigurationPlatforms) = postSolution
		{4642B64B-ABF7-4FAB-903E-EB1E7CBF8A81}.Debug|Xbox 360.ActiveCfg = Debug|Xbox 360
		{4642B64B-ABF7-4FAB-903E-EB1E7CBF8A81}.Debug|Xbox 360.Build.0 = Debug|Xbox 360
		{4642B64B-ABF7-4FAB-903E-EB1E7CBF8A81}.Editor_Debug|Xbox 360.ActiveCfg = Editor_Debug|Xbox 360
		{4642B64B-ABF7-4FAB-903E-EB1E7CBF8A81}.Editor_Debug|Xbox 360.Build.0 = Editor_Debug|Xbox 360
		{4642B64B-ABF7-4FAB-903E-EB1E7CBF8A81}.Editor_Hybrid|Xbox 360.ActiveCfg = Editor_Hybrid|Xbox 360
		{4642B64B-ABF7-4FAB-903E-EB1E7CBF8A81}.Editor_Hybrid|Xbox 360.Build.0 = Editor_Hybrid|Xbox 360
		{4642B64B-ABF7-4FAB-903E-EB1E7CBF8A81}.Eval_Release|Xbox 360.ActiveCfg = Release|Xbox 360
		{4642B64B-ABF7-4FAB-903E-EB1E7CBF8A81}.Eval_Release|Xbox 360.Build.0 = Release|Xbox 360
		{4642B64B-ABF7-4FAB-903E-EB1E7CBF8A81}.Hybrid|Xbox 360.ActiveCfg = Hybrid|Xbox 360
		{4642B64B-ABF7-4FAB-903E-EB1E7CBF8A81}.Hybrid|Xbox 360.Build.0 = Hybrid|Xbox 360
		{4642B64B-ABF7-4FAB-903E-EB1E7CBF8A81}.Profile_FastCap|Xbox 360.ActiveCfg = Single_Threaded_Static_Release|Xbox 360
		{4642B64B-ABF7-4FAB-903E-EB1E7CBF8A81}.Profile_FastCap|Xbox 360.Build.0 = Single_Threaded_Static_Release|Xbox 360
		{4642B64B-ABF7-4FAB-903E-EB1E7CBF8A81}.Profile|Xbox 360.ActiveCfg = Single_Threaded_Static_Release|Xbox 360
		{4642B64B-ABF7-4FAB-903E-EB1E7CBF8A81}.Profile|Xbox 360.Build.0 = Single_Threaded_Static_Release|Xbox 360
		{4642B64B-ABF7-4FAB-903E-EB1E7CBF8A81}.Release_LTCG|Xbox 360.ActiveCfg = Release|Xbox 360
		{4642B64B-ABF7-4FAB-903E-EB1E7CBF8A81}.Release_LTCG|Xbox 360.Build.0 = Release|Xbox 360
		{4642B64B-ABF7-4FAB-903E-EB1E7CBF8A81}.Release|Xbox 360.ActiveCfg = Release|Xbox 360
		{4642B64B-ABF7-4FAB-903E-EB1E7CBF8A81}.Release|Xbox 360.Build.0 = Release|Xbox 360
		{4642B64B-ABF7-4FAB-903E-EB1E7CBF8A81}.Single_Threaded_Debug|Xbox 360.ActiveCfg = Single_Threaded_Debug|Xbox 360
		{4642B64B-ABF7-4FAB-903E-EB1E7CBF8A81}.Single_Threaded_Debug|Xbox 360.Build.0 = Single_Threaded_Debug|Xbox 360
		{4642B64B-ABF7-4FAB-903E-EB1E7CBF8A81}.Single_Threaded_Hybrid|Xbox 360.ActiveCfg = Single_Threaded_Hybrid|Xbox 360
		{4642B64B-ABF7-4FAB-903E-EB1E7CBF8A81}.Single_Threaded_Hybrid|Xbox 360.Build.0 = Single_Threaded_Hybrid|Xbox 360
		{4642B64B-ABF7-4FAB-903E-EB1E7CBF8A81}.Single_Threaded_Release|Xbox 360.ActiveCfg = Single_Threaded_Release|Xbox 360
		{4642B64B-ABF7-4FAB-903E-EB1E7CBF8A81}.Single_Threaded_Release|Xbox 360.Build.0 = Single_Threaded_Release|Xbox 360
		{4642B64B-ABF7-4FAB-903E-EB1E7CBF8A81}.Single_Threaded_Static_Debug|Xbox 360.ActiveCfg = Single_Threaded_Static_Debug|Xbox 360
		{4642B64B-ABF7-4FAB-903E-EB1E7CBF8A81}.Single_Threaded_Static_Debug|Xbox 360.Build.0 = Single_Threaded_Static_Debug|Xbox 360
		{4642B64B-ABF7-4FAB-903E-EB1E7CBF8A81}.Single_Threaded_Static_Release|Xbox 360.ActiveCfg = Single_Threaded_Static_Release|Xbox 360
		{4642B64B-ABF7-4FAB-903E-EB1E7CBF8A81}.Single_Threaded_Static_Release|Xbox 360.Build.0 = Single_Threaded_Static_Release|Xbox 360
		{4642B64B-ABF7-4FAB-903E-EB1E7CBF8A81}.Static_Debug|Xbox 360.ActiveCfg = Single_Threaded_Static_Debug|Xbox 360
		{4642B64B-ABF7-4FAB-903E-EB1E7CBF8A81}.Static_Debug|Xbox 360.Build.0 = Single_Threaded_Static_Debug|Xbox 360
		{4642B64B-ABF7-4FAB-903E-EB1E7CBF8A81}.Static_Release|Xbox 360.ActiveCfg = Single_Threaded_Static_Release|Xbox 360
		{4642B64B-ABF7-4FAB-903E-EB1E7CBF8A81}.Static_Release|Xbox 360.Build.0 = Single_Threaded_Static_Release|Xbox 360
		{452C08A8-4B8E-4275-9207-81840EA8148E}.Debug|Xbox 360.ActiveCfg = Debug|Xbox 360
		{452C08A8-4B8E-4275-9207-81840EA8148E}.Debug|Xbox 360.Build.0 = Debug|Xbox 360
		{452C08A8-4B8E-4275-9207-81840EA8148E}.Editor_Debug|Xbox 360.ActiveCfg = Editor_Debug|Xbox 360
		{452C08A8-4B8E-4275-9207-81840EA8148E}.Editor_Debug|Xbox 360.Build.0 = Editor_Debug|Xbox 360
		{452C08A8-4B8E-4275-9207-81840EA8148E}.Editor_Hybrid|Xbox 360.ActiveCfg = Editor_Hybrid|Xbox 360
		{452C08A8-4B8E-4275-9207-81840EA8148E}.Editor_Hybrid|Xbox 360.Build.0 = Editor_Hybrid|Xbox 360
		{452C08A8-4B8E-4275-9207-81840EA8148E}.Eval_Release|Xbox 360.ActiveCfg = Eval_Release|Xbox 360
		{452C08A8-4B8E-4275-9207-81840EA8148E}.Eval_Release|Xbox 360.Build.0 = Eval_Release|Xbox 360
		{452C08A8-4B8E-4275-9207-81840EA8148E}.Hybrid|Xbox 360.ActiveCfg = Hybrid|Xbox 360
		{452C08A8-4B8E-4275-9207-81840EA8148E}.Hybrid|Xbox 360.Build.0 = Hybrid|Xbox 360
		{452C08A8-4B8E-4275-9207-81840EA8148E}.Profile_FastCap|Xbox 360.ActiveCfg = Eval_Release|Xbox 360
		{452C08A8-4B8E-4275-9207-81840EA8148E}.Profile_FastCap|Xbox 360.Build.0 = Eval_Release|Xbox 360
		{452C08A8-4B8E-4275-9207-81840EA8148E}.Profile|Xbox 360.ActiveCfg = Eval_Release|Xbox 360
		{452C08A8-4B8E-4275-9207-81840EA8148E}.Profile|Xbox 360.Build.0 = Eval_Release|Xbox 360
		{452C08A8-4B8E-4275-9207-81840EA8148E}.Release_LTCG|Xbox 360.ActiveCfg = Release|Xbox 360
		{452C08A8-4B8E-4275-9207-81840EA8148E}.Release_LTCG|Xbox 360.Build.0 = Release|Xbox 360
		{452C08A8-4B8E-4275-9207-81840EA8148E}.Release|Xbox 360.ActiveCfg = Release|Xbox 360
		{452C08A8-4B8E-4275-9207-81840EA8148E}.Release|Xbox 360.Build.0 = Release|Xbox 360
		{452C08A8-4B8E-4275-9207-81840EA8148E}.Single_Threaded_Debug|Xbox 360.ActiveCfg = Debug|Xbox 360
		{452C08A8-4B8E-4275-9207-81840EA8148E}.Single_Threaded_Debug|Xbox 360.Build.0 = Debug|Xbox 360
		{452C08A8-4B8E-4275-9207-81840EA8148E}.Single_Threaded_Hybrid|Xbox 360.ActiveCfg = Hybrid|Xbox 360
		{452C08A8-4B8E-4275-9207-81840EA8148E}.Single_Threaded_Hybrid|Xbox 360.Build.0 = Hybrid|Xbox 360
		{452C08A8-4B8E-4275-9207-81840EA8148E}.Single_Threaded_Release|Xbox 360.ActiveCfg = Release|Xbox 360
		{452C08A8-4B8E-4275-9207-81840EA8148E}.Single_Threaded_Release|Xbox 360.Build.0 = Release|Xbox 360
		{452C08A8-4B8E-4275-9207-81840EA8148E}.Single_Threaded_Static_Debug|Xbox 360.ActiveCfg = Debug|Xbox 360
		{452C08A8-4B8E-4275-9207-81840EA8148E}.Single_Threaded_Static_Debug|Xbox 360.Build.0 = Debug|Xbox 360
		{452C08A8-4B8E-4275-9207-81840EA8148E}.Single_Threaded_Static_Release|Xbox 360.ActiveCfg = Release|Xbox 360
		{452C08A8-4B8E-4275-9207-81840EA8148E}.Single_Threaded_Static_Release|Xbox 360.Build.0 = Release|Xbox 360
		{452C08A8-4B8E-4275-9207-81840EA8148E}.Static_Debug|Xbox 360.ActiveCfg = Debug|Xbox 360
		{452C08A8-4B8E-4275-9207-81840EA8148E}.Static_Debug|Xbox 360.Build.0 = Debug|Xbox 360
		{452C08A8-4B8E-4275-9207-81840EA8148E}.Static_Release|Xbox 360.ActiveCfg = Release|Xbox 360
		{452C08A8-4B8E-4275-9207-81840EA8148E}.Static_Release|Xbox 360.Build.0 = Release|Xbox 360
		{5DC4CC9A-3052-4076-A8D4-FE229C1AC141}.Debug|Xbox 360.ActiveCfg = Debug|Xbox 360
		{5DC4CC9A-3052-4076-A8D4-FE229C1AC141}.Debug|Xbox 360.Build.0 = Debug|Xbox 360
		{5DC4CC9A-3052-4076-A8D4-FE229C1AC141}.Editor_Debug|Xbox 360.ActiveCfg = Editor_Debug|Xbox 360
		{5DC4CC9A-3052-4076-A8D4-FE229C1AC141}.Editor_Debug|Xbox 360.Build.0 = Editor_Debug|Xbox 360
		{5DC4CC9A-3052-4076-A8D4-FE229C1AC141}.Editor_Hybrid|Xbox 360.ActiveCfg = Editor_Hybrid|Xbox 360
		{5DC4CC9A-3052-4076-A8D4-FE229C1AC141}.Editor_Hybrid|Xbox 360.Build.0 = Editor_Hybrid|Xbox 360
		{5DC4CC9A-3052-4076-A8D4-FE229C1AC141}.Eval_Release|Xbox 360.ActiveCfg = Release|Xbox 360
		{5DC4CC9A-3052-4076-A8D4-FE229C1AC141}.Eval_Release|Xbox 360.Build.0 = Release|Xbox 360
		{5DC4CC9A-3052-4076-A8D4-FE229C1AC141}.Hybrid|Xbox 360.ActiveCfg = Hybrid|Xbox 360
		{5DC4CC9A-3052-4076-A8D4-FE229C1AC141}.Hybrid|Xbox 360.Build.0 = Hybrid|Xbox 360
		{5DC4CC9A-3052-4076-A8D4-FE229C1AC141}.Profile_FastCap|Xbox 360.ActiveCfg = Static_Release|Xbox 360
		{5DC4CC9A-3052-4076-A8D4-FE229C1AC141}.Profile_FastCap|Xbox 360.Build.0 = Static_Release|Xbox 360
		{5DC4CC9A-3052-4076-A8D4-FE229C1AC141}.Profile|Xbox 360.ActiveCfg = Static_Release|Xbox 360
		{5DC4CC9A-3052-4076-A8D4-FE229C1AC141}.Profile|Xbox 360.Build.0 = Static_Release|Xbox 360
		{5DC4CC9A-3052-4076-A8D4-FE229C1AC141}.Release_LTCG|Xbox 360.ActiveCfg = Release|Xbox 360
		{5DC4CC9A-3052-4076-A8D4-FE229C1AC141}.Release_LTCG|Xbox 360.Build.0 = Release|Xbox 360
		{5DC4CC9A-3052-4076-A8D4-FE229C1AC141}.Release|Xbox 360.ActiveCfg = Release|Xbox 360
		{5DC4CC9A-3052-4076-A8D4-FE229C1AC141}.Release|Xbox 360.Build.0 = Release|Xbox 360
		{5DC4CC9A-3052-4076-A8D4-FE229C1AC141}.Single_Threaded_Debug|Xbox 360.ActiveCfg = Debug|Xbox 360
		{5DC4CC9A-3052-4076-A8D4-FE229C1AC141}.Single_Threaded_Debug|Xbox 360.Build.0 = Debug|Xbox 360
		{5DC4CC9A-3052-4076-A8D4-FE229C1AC141}.Single_Threaded_Hybrid|Xbox 360.ActiveCfg = Hybrid|Xbox 360
		{5DC4CC9A-3052-4076-A8D4-FE229C1AC141}.Single_Threaded_Hybrid|Xbox 360.Build.0 = Hybrid|Xbox 360
		{5DC4CC9A-3052-4076-A8D4-FE229C1AC141}.Single_Threaded_Release|Xbox 360.ActiveCfg = Release|Xbox 360
		{5DC4CC9A-3052-4076-A8D4-FE229C1AC141}.Single_Threaded_Release|Xbox 360.Build.0 = Release|Xbox 360
		{5DC4CC9A-3052-4076-A8D4-FE229C1AC141}.Single_Threaded_Static_Debug|Xbox 360.ActiveCfg = Static_Debug|Xbox 360
		{5DC4CC9A-3052-4076-A8D4-FE229C1AC141}.Single_Threaded_Static_Debug|Xbox 360.Build.0 = Static_Debug|Xbox 360
		{5DC4CC9A-3052-4076-A8D4-FE229C1AC141}.Single_Threaded_Static_Release|Xbox 360.ActiveCfg = Static_Release|Xbox 360
		{5DC4CC9A-3052-4076-A8D4-FE229C1AC141}.Single_Threaded_Static_Release|Xbox 360.Build.0 = Static_Release|Xbox 360
		{5DC4CC9A-3052-4076-A8D4-FE229C1AC141}.Static_Debug|Xbox 360.ActiveCfg = Static_Debug|Xbox 360
		{5DC4CC9A-3052-4076-A8D4-FE229C1AC141}.Static_Debug|Xbox 360.Build.0 = Static_Debug|Xbox 360
		{5DC4CC9A-3052-4076-A8D4-FE229C1AC141}.Static_Release|Xbox 360.ActiveCfg = Static_Release|Xbox 360
		{5DC4CC9A-3052-4076-A8D4-FE229C1AC141}.Static_Release|Xbox 360.Build.0 = Static_Release|Xbox 360
		{860F2CD0-747F-4A39-AEA1-87914F2E6EA9}.Debug|Xbox 360.ActiveCfg = Debug|Xbox 360
		{860F2CD0-747F-4A39-AEA1-87914F2E6EA9}.Debug|Xbox 360.Build.0 = Debug|Xbox 360
		{860F2CD0-747F-4A39-AEA1-87914F2E6EA9}.Editor_Debug|Xbox 360.ActiveCfg = Debug|Xbox 360
		{860F2CD0-747F-4A39-AEA1-87914F2E6EA9}.Editor_Debug|Xbox 360.Build.0 = Debug|Xbox 360
		{860F2CD0-747F-4A39-AEA1-87914F2E6EA9}.Editor_Hybrid|Xbox 360.ActiveCfg = Release_LTCG|Xbox 360
		{860F2CD0-747F-4A39-AEA1-87914F2E6EA9}.Editor_Hybrid|Xbox 360.Build.0 = Release_LTCG|Xbox 360
		{860F2CD0-747F-4A39-AEA1-87914F2E6EA9}.Eval_Release|Xbox 360.ActiveCfg = Release|Xbox 360
		{860F2CD0-747F-4A39-AEA1-87914F2E6EA9}.Eval_Release|Xbox 360.Build.0 = Release|Xbox 360
		{860F2CD0-747F-4A39-AEA1-87914F2E6EA9}.Hybrid|Xbox 360.ActiveCfg = Release_LTCG|Xbox 360
		{860F2CD0-747F-4A39-AEA1-87914F2E6EA9}.Hybrid|Xbox 360.Build.0 = Release_LTCG|Xbox 360
		{860F2CD0-747F-4A39-AEA1-87914F2E6EA9}.Profile_FastCap|Xbox 360.ActiveCfg = Profile_FastCap|Xbox 360
		{860F2CD0-747F-4A39-AEA1-87914F2E6EA9}.Profile_FastCap|Xbox 360.Build.0 = Profile_FastCap|Xbox 360
		{860F2CD0-747F-4A39-AEA1-87914F2E6EA9}.Profile|Xbox 360.ActiveCfg = Profile|Xbox 360
		{860F2CD0-747F-4A39-AEA1-87914F2E6EA9}.Profile|Xbox 360.Build.0 = Profile|Xbox 360
		{860F2CD0-747F-4A39-AEA1-87914F2E6EA9}.Release_LTCG|Xbox 360.ActiveCfg = Release_LTCG|Xbox 360
		{860F2CD0-747F-4A39-AEA1-87914F2E6EA9}.Release_LTCG|Xbox 360.Build.0 = Release_LTCG|Xbox 360
		{860F2CD0-747F-4A39-AEA1-87914F2E6EA9}.Release|Xbox 360.ActiveCfg = Release|Xbox 360
		{860F2CD0-747F-4A39-AEA1-87914F2E6EA9}.Release|Xbox 360.Build.0 = Release|Xbox 360
		{860F2CD0-747F-4A39-AEA1-87914F2E6EA9}.Single_Threaded_Debug|Xbox 360.ActiveCfg = Debug|Xbox 360
		{860F2CD0-747F-4A39-AEA1-87914F2E6EA9}.Single_Threaded_Debug|Xbox 360.Build.0 = Debug|Xbox 360
		{860F2CD0-747F-4A39-AEA1-87914F2E6EA9}.Single_Threaded_Hybrid|Xbox 360.ActiveCfg = Release_LTCG|Xbox 360
		{860F2CD0-747F-4A39-AEA1-87914F2E6EA9}.Single_Threaded_Hybrid|Xbox 360.Build.0 = Release_LTCG|Xbox 360
		{860F2CD0-747F-4A39-AEA1-87914F2E6EA9}.Single_Threaded_Release|Xbox 360.ActiveCfg = Release|Xbox 360
		{860F2CD0-747F-4A39-AEA1-87914F2E6EA9}.Single_Threaded_Release|Xbox 360.Build.0 = Release|Xbox 360
		{860F2CD0-747F-4A39-AEA1-87914F2E6EA9}.Single_Threaded_Static_Debug|Xbox 360.ActiveCfg = Debug|Xbox 360
		{860F2CD0-747F-4A39-AEA1-87914F2E6EA9}.Single_Threaded_Static_Debug|Xbox 360.Build.0 = Debug|Xbox 360
		{860F2CD0-747F-4A39-AEA1-87914F2E6EA9}.Single_Threaded_Static_Release|Xbox 360.ActiveCfg = Release|Xbox 360
		{860F2CD0-747F-4A39-AEA1-87914F2E6EA9}.Single_Threaded_Static_Release|Xbox 360.Build.0 = Release|Xbox 360
		{860F2CD0-747F-4A39-AEA1-87914F2E6EA9}.Static_Debug|Xbox 360.ActiveCfg = Debug|Xbox 360
		{860F2CD0-747F-4A39-AEA1-87914F2E6EA9}.Static_Debug|Xbox 360.Build.0 = Debug|Xbox 360
		{860F2CD0-747F-4A39-AEA1-87914F2E6EA9}.Static_Release|Xbox 360.ActiveCfg = Release|Xbox 360
		{860F2CD0-747F-4A39-AEA1-87914F2E6EA9}.Static_Release|Xbox 360.Build.0 = Release|Xbox 360
	EndGlobalSection
	GlobalSection(SolutionProperties) = preSolution
		HideSolutionNode = FALSE
	EndGlobalSection
EndGlobal
