Microsoft Visual Studio Solution File, Format Version 9.00
# Visual Studio 2005
Project("{8BC9CEB8-8B4A-11D0-8D11-00A0C91BC942}") = "navgen", "navgen2005.vcproj", "{E5960C15-0E0A-4346-B51B-0146D9D7D8EA}"
	ProjectSection(ProjectDependencies) = postProject
		{87B6D90B-35B0-43E6-8506-9EEF75584B9B} = {87B6D90B-35B0-43E6-8506-9EEF75584B9B}
		{3F77FD54-39A8-459D-8DD7-0CB9551AA269} = {3F77FD54-39A8-459D-8DD7-0CB9551AA269}
		{1B65A8A1-9FC1-4EB2-83F1-D628E71247FC} = {1B65A8A1-9FC1-4EB2-83F1-D628E71247FC}
		{815069A2-799D-4958-B65D-039F4C9477C7} = {815069A2-799D-4958-B65D-039F4C9477C7}
		{DB0DFFD4-284A-4EA7-8178-8BE7030C1B61} = {DB0DFFD4-284A-4EA7-8178-8BE7030C1B61}
		{A21801EE-C2C0-4AE9-A9D1-72257F08D5BD} = {A21801EE-C2C0-4AE9-A9D1-72257F08D5BD}
		{131D1CEC-1E7A-48D0-A25D-080A3C0BEE24} = {131D1CEC-1E7A-48D0-A25D-080A3C0BEE24}
		{CF7AC3D1-E2DF-41D2-BEA6-1E2556CDEA26} = {CF7AC3D1-E2DF-41D2-BEA6-1E2556CDEA26}
		{7F7ABCBF-59E8-418B-9787-04B5F0743ACB} = {7F7ABCBF-59E8-418B-9787-04B5F0743ACB}
		{204D85B9-F793-4F21-99FF-40AC92A08E5D} = {204D85B9-F793-4F21-99FF-40AC92A08E5D}
		{452C08A8-4B8E-4275-9207-81840EA8148E} = {452C08A8-4B8E-4275-9207-81840EA8148E}
		{5DC4CC9A-3052-4076-A8D4-FE229C1AC141} = {5DC4CC9A-3052-4076-A8D4-FE229C1AC141}
		{879B9D6D-C3AB-41C7-8EEC-B7B36C4AE5E7} = {879B9D6D-C3AB-41C7-8EEC-B7B36C4AE5E7}
		{6C51CE5E-7BBC-4245-8EFB-84601F19C4CA} = {6C51CE5E-7BBC-4245-8EFB-84601F19C4CA}
		{B5F7425C-71CE-4E69-9EB7-C1F68823C677} = {B5F7425C-71CE-4E69-9EB7-C1F68823C677}
		{1ABB1158-909C-4AD4-9F81-CB38BBA5D950} = {1ABB1158-909C-4AD4-9F81-CB38BBA5D950}
		{B179FA51-48CF-4F63-8D95-2AD57FE898A0} = {B179FA51-48CF-4F63-8D95-2AD57FE898A0}
		{4642B64B-ABF7-4FAB-903E-EB1E7CBF8A81} = {4642B64B-ABF7-4FAB-903E-EB1E7CBF8A81}
		{DE5D8540-BC04-4753-BBEC-193A53B56286} = {DE5D8540-BC04-4753-BBEC-193A53B56286}
		{24D5B31B-392B-4B38-8CA0-6273F2B4933C} = {24D5B31B-392B-4B38-8CA0-6273F2B4933C}
		{4AEF9430-3078-42D9-BB8E-045D4865F7EE} = {4AEF9430-3078-42D9-BB8E-045D4865F7EE}
		{F158F1DC-D98F-465E-A153-D73259884A9F} = {F158F1DC-D98F-465E-A153-D73259884A9F}
		{FCBC63D4-C80E-4194-BEBD-DF85DD22A06A} = {FCBC63D4-C80E-4194-BEBD-DF85DD22A06A}
	EndProjectSection
	ProjectSection(WebsiteProperties) = preProject
		Debug.AspNetCompiler.Debug = "True"
		Release.AspNetCompiler.Debug = "False"
	EndProjectSection
EndProject
Project("{8BC9CEB8-8B4A-11D0-8D11-00A0C91BC942}") = "chunk", "..\..\lib\chunk\chunk2005.vcproj", "{B5F7425C-71CE-4E69-9EB7-C1F68823C677}"
	ProjectSection(WebsiteProperties) = preProject
		Debug.AspNetCompiler.Debug = "True"
		Release.AspNetCompiler.Debug = "False"
	EndProjectSection
EndProject
Project("{8BC9CEB8-8B4A-11D0-8D11-00A0C91BC942}") = "cstdmf", "..\..\lib\cstdmf\cstdmf2005.vcproj", "{4642B64B-ABF7-4FAB-903E-EB1E7CBF8A81}"
	ProjectSection(WebsiteProperties) = preProject
		Debug.AspNetCompiler.Debug = "True"
		Release.AspNetCompiler.Debug = "False"
	EndProjectSection
EndProject
Project("{8BC9CEB8-8B4A-11D0-8D11-00A0C91BC942}") = "math", "..\..\lib\math\math3d2005.vcproj", "{5DC4CC9A-3052-4076-A8D4-FE229C1AC141}"
	ProjectSection(WebsiteProperties) = preProject
		Debug.AspNetCompiler.Debug = "True"
		Release.AspNetCompiler.Debug = "False"
	EndProjectSection
EndProject
Project("{8BC9CEB8-8B4A-11D0-8D11-00A0C91BC942}") = "moo", "..\..\lib\moo\moo2005.vcproj", "{B179FA51-48CF-4F63-8D95-2AD57FE898A0}"
	ProjectSection(WebsiteProperties) = preProject
		Debug.AspNetCompiler.Debug = "True"
		Release.AspNetCompiler.Debug = "False"
	EndProjectSection
EndProject
Project("{8BC9CEB8-8B4A-11D0-8D11-00A0C91BC942}") = "physics2", "..\..\lib\physics2\physics22005.vcproj", "{A21801EE-C2C0-4AE9-A9D1-72257F08D5BD}"
	ProjectSection(WebsiteProperties) = preProject
		Debug.AspNetCompiler.Debug = "True"
		Release.AspNetCompiler.Debug = "False"
	EndProjectSection
EndProject
Project("{8BC9CEB8-8B4A-11D0-8D11-00A0C91BC942}") = "resmgr", "..\..\lib\resmgr\resmgr2005.vcproj", "{204D85B9-F793-4F21-99FF-40AC92A08E5D}"
	ProjectSection(WebsiteProperties) = preProject
		Debug.AspNetCompiler.Debug = "True"
		Release.AspNetCompiler.Debug = "False"
	EndProjectSection
EndProject
Project("{8BC9CEB8-8B4A-11D0-8D11-00A0C91BC942}") = "zip", "..\..\lib\zip\zip2005.vcproj", "{1ABB1158-909C-4AD4-9F81-CB38BBA5D950}"
	ProjectSection(WebsiteProperties) = preProject
		Debug.AspNetCompiler.Debug = "True"
		Release.AspNetCompiler.Debug = "False"
	EndProjectSection
EndProject
Project("{8BC9CEB8-8B4A-11D0-8D11-00A0C91BC942}") = "romp", "..\..\lib\romp\romp2005.vcproj", "{879B9D6D-C3AB-41C7-8EEC-B7B36C4AE5E7}"
	ProjectSection(WebsiteProperties) = preProject
		Debug.AspNetCompiler.Debug = "True"
		Release.AspNetCompiler.Debug = "False"
	EndProjectSection
EndProject
Project("{8BC9CEB8-8B4A-11D0-8D11-00A0C91BC942}") = "network", "..\..\lib\network\network2005.vcproj", "{452C08A8-4B8E-4275-9207-81840EA8148E}"
	ProjectSection(WebsiteProperties) = preProject
		Debug.AspNetCompiler.Debug = "True"
		Release.AspNetCompiler.Debug = "False"
	EndProjectSection
EndProject
Project("{8BC9CEB8-8B4A-11D0-8D11-00A0C91BC942}") = "pyscript", "..\..\lib\pyscript\pyscript2005.vcproj", "{87B6D90B-35B0-43E6-8506-9EEF75584B9B}"
	ProjectSection(WebsiteProperties) = preProject
		Debug.AspNetCompiler.Debug = "True"
		Release.AspNetCompiler.Debug = "False"
	EndProjectSection
EndProject
Project("{8BC9CEB8-8B4A-11D0-8D11-00A0C91BC942}") = "speedtree", "..\..\lib\speedtree\speedtree2005.vcproj", "{DE5D8540-BC04-4753-BBEC-193A53B56286}"
	ProjectSection(WebsiteProperties) = preProject
		Debug.AspNetCompiler.Debug = "True"
		Release.AspNetCompiler.Debug = "False"
	EndProjectSection
EndProject
Project("{8BC9CEB8-8B4A-11D0-8D11-00A0C91BC942}") = "duplo", "..\..\lib\duplo\duplo2005.vcproj", "{6C51CE5E-7BBC-4245-8EFB-84601F19C4CA}"
	ProjectSection(WebsiteProperties) = preProject
		Debug.AspNetCompiler.Debug = "True"
		Release.AspNetCompiler.Debug = "False"
	EndProjectSection
EndProject
Project("{8BC9CEB8-8B4A-11D0-8D11-00A0C91BC942}") = "ashes", "..\..\lib\ashes\ashes2005.vcproj", "{131D1CEC-1E7A-48D0-A25D-080A3C0BEE24}"
	ProjectSection(WebsiteProperties) = preProject
		Debug.AspNetCompiler.Debug = "True"
		Release.AspNetCompiler.Debug = "False"
	EndProjectSection
EndProject
Project("{8BC9CEB8-8B4A-11D0-8D11-00A0C91BC942}") = "input", "..\..\lib\input\input2005.vcproj", "{24D5B31B-392B-4B38-8CA0-6273F2B4933C}"
	ProjectSection(WebsiteProperties) = preProject
		Debug.AspNetCompiler.Debug = "True"
		Release.AspNetCompiler.Debug = "False"
	EndProjectSection
EndProject
Project("{8BC9CEB8-8B4A-11D0-8D11-00A0C91BC942}") = "pythoncore", "..\..\lib\python\PC\VS8.0\pythoncore.vcproj", "{CF7AC3D1-E2DF-41D2-BEA6-1E2556CDEA26}"
	ProjectSection(WebsiteProperties) = preProject
		Debug.AspNetCompiler.Debug = "True"
		Release.AspNetCompiler.Debug = "False"
	EndProjectSection
EndProject
Project("{8BC9CEB8-8B4A-11D0-8D11-00A0C91BC942}") = "libpng", "..\..\lib\png\projects\visualc71\libpng.vcproj", "{DB0DFFD4-284A-4EA7-8178-8BE7030C1B61}"
	ProjectSection(WebsiteProperties) = preProject
		Debug.AspNetCompiler.Debug = "True"
		Release.AspNetCompiler.Debug = "False"
	EndProjectSection
EndProject
Project("{8BC9CEB8-8B4A-11D0-8D11-00A0C91BC942}") = "terrain", "..\..\lib\terrain\terrain2005.vcproj", "{4AEF9430-3078-42D9-BB8E-045D4865F7EE}"
	ProjectSection(WebsiteProperties) = preProject
		Debug.AspNetCompiler.Debug = "True"
		Release.AspNetCompiler.Debug = "False"
	EndProjectSection
EndProject
Project("{8BC9CEB8-8B4A-11D0-8D11-00A0C91BC942}") = "particle", "..\..\lib\particle\particle2005.vcproj", "{815069A2-799D-4958-B65D-039F4C9477C7}"
	ProjectSection(WebsiteProperties) = preProject
		Debug.AspNetCompiler.Debug = "True"
		Release.AspNetCompiler.Debug = "False"
	EndProjectSection
EndProject
Project("{8BC9CEB8-8B4A-11D0-8D11-00A0C91BC942}") = "model", "..\..\lib\model\model.vcproj", "{F158F1DC-D98F-465E-A153-D73259884A9F}"
	ProjectSection(WebsiteProperties) = preProject
		Debug.AspNetCompiler.Debug = "True"
		Release.AspNetCompiler.Debug = "False"
	EndProjectSection
EndProject
Project("{8BC9CEB8-8B4A-11D0-8D11-00A0C91BC942}") = "fmodsound", "..\..\lib\fmodsound\fmodsound2005.vcproj", "{1B65A8A1-9FC1-4EB2-83F1-D628E71247FC}"
	ProjectSection(WebsiteProperties) = preProject
		Debug.AspNetCompiler.Debug = "True"
		Release.AspNetCompiler.Debug = "False"
	EndProjectSection
EndProject
Project("{8BC9CEB8-8B4A-11D0-8D11-00A0C91BC942}") = "job_system", "..\..\lib\job_system\job_system2005.vcproj", "{FCBC63D4-C80E-4194-BEBD-DF85DD22A06A}"
	ProjectSection(WebsiteProperties) = preProject
		Debug.AspNetCompiler.Debug = "True"
		Release.AspNetCompiler.Debug = "False"
	EndProjectSection
EndProject
Project("{8BC9CEB8-8B4A-11D0-8D11-00A0C91BC942}") = "nedalloc", "..\..\lib\third_party\nedalloc\nedmalloc2005.vcproj", "{3F77FD54-39A8-459D-8DD7-0CB9551AA269}"
	ProjectSection(WebsiteProperties) = preProject
		Debug.AspNetCompiler.Debug = "True"
		Release.AspNetCompiler.Debug = "False"
	EndProjectSection
EndProject
Project("{8BC9CEB8-8B4A-11D0-8D11-00A0C91BC942}") = "waypoint_generator", "..\..\lib\waypoint_generator\waypoint_generator2005.vcproj", "{7F7ABCBF-59E8-418B-9787-04B5F0743ACB}"
EndProject
Global
	GlobalSection(SolutionConfigurationPlatforms) = preSolution
		Debug|Win32 = Debug|Win32
		Hybrid|Win32 = Hybrid|Win32
		Release_Indie|Win32 = Release_Indie|Win32
		Release|Win32 = Release|Win32
	EndGlobalSection
	GlobalSection(ProjectConfigurationPlatforms) = postSolution
		{E5960C15-0E0A-4346-B51B-0146D9D7D8EA}.Debug|Win32.ActiveCfg = Debug|Win32
		{E5960C15-0E0A-4346-B51B-0146D9D7D8EA}.Debug|Win32.Build.0 = Debug|Win32
		{E5960C15-0E0A-4346-B51B-0146D9D7D8EA}.Hybrid|Win32.ActiveCfg = Hybrid|Win32
		{E5960C15-0E0A-4346-B51B-0146D9D7D8EA}.Hybrid|Win32.Build.0 = Hybrid|Win32
		{E5960C15-0E0A-4346-B51B-0146D9D7D8EA}.Release_Indie|Win32.ActiveCfg = Release_Indie|Win32
		{E5960C15-0E0A-4346-B51B-0146D9D7D8EA}.Release_Indie|Win32.Build.0 = Release_Indie|Win32
		{E5960C15-0E0A-4346-B51B-0146D9D7D8EA}.Release|Win32.ActiveCfg = Release|Win32
		{E5960C15-0E0A-4346-B51B-0146D9D7D8EA}.Release|Win32.Build.0 = Release|Win32
		{B5F7425C-71CE-4E69-9EB7-C1F68823C677}.Debug|Win32.ActiveCfg = Debug|Win32
		{B5F7425C-71CE-4E69-9EB7-C1F68823C677}.Debug|Win32.Build.0 = Debug|Win32
		{B5F7425C-71CE-4E69-9EB7-C1F68823C677}.Hybrid|Win32.ActiveCfg = Hybrid|Win32
		{B5F7425C-71CE-4E69-9EB7-C1F68823C677}.Hybrid|Win32.Build.0 = Hybrid|Win32
		{B5F7425C-71CE-4E69-9EB7-C1F68823C677}.Release_Indie|Win32.ActiveCfg = Release_Indie|Win32
		{B5F7425C-71CE-4E69-9EB7-C1F68823C677}.Release_Indie|Win32.Build.0 = Release_Indie|Win32
		{B5F7425C-71CE-4E69-9EB7-C1F68823C677}.Release|Win32.ActiveCfg = Release|Win32
		{B5F7425C-71CE-4E69-9EB7-C1F68823C677}.Release|Win32.Build.0 = Release|Win32
		{4642B64B-ABF7-4FAB-903E-EB1E7CBF8A81}.Debug|Win32.ActiveCfg = Debug|Win32
		{4642B64B-ABF7-4FAB-903E-EB1E7CBF8A81}.Debug|Win32.Build.0 = Debug|Win32
		{4642B64B-ABF7-4FAB-903E-EB1E7CBF8A81}.Hybrid|Win32.ActiveCfg = Hybrid|Win32
		{4642B64B-ABF7-4FAB-903E-EB1E7CBF8A81}.Hybrid|Win32.Build.0 = Hybrid|Win32
		{4642B64B-ABF7-4FAB-903E-EB1E7CBF8A81}.Release_Indie|Win32.ActiveCfg = Release_Indie|Win32
		{4642B64B-ABF7-4FAB-903E-EB1E7CBF8A81}.Release_Indie|Win32.Build.0 = Release_Indie|Win32
		{4642B64B-ABF7-4FAB-903E-EB1E7CBF8A81}.Release|Win32.ActiveCfg = Release|Win32
		{4642B64B-ABF7-4FAB-903E-EB1E7CBF8A81}.Release|Win32.Build.0 = Release|Win32
		{5DC4CC9A-3052-4076-A8D4-FE229C1AC141}.Debug|Win32.ActiveCfg = Debug|Win32
		{5DC4CC9A-3052-4076-A8D4-FE229C1AC141}.Debug|Win32.Build.0 = Debug|Win32
		{5DC4CC9A-3052-4076-A8D4-FE229C1AC141}.Hybrid|Win32.ActiveCfg = Hybrid|Win32
		{5DC4CC9A-3052-4076-A8D4-FE229C1AC141}.Hybrid|Win32.Build.0 = Hybrid|Win32
		{5DC4CC9A-3052-4076-A8D4-FE229C1AC141}.Release_Indie|Win32.ActiveCfg = Release_Indie|Win32
		{5DC4CC9A-3052-4076-A8D4-FE229C1AC141}.Release_Indie|Win32.Build.0 = Release_Indie|Win32
		{5DC4CC9A-3052-4076-A8D4-FE229C1AC141}.Release|Win32.ActiveCfg = Release|Win32
		{5DC4CC9A-3052-4076-A8D4-FE229C1AC141}.Release|Win32.Build.0 = Release|Win32
		{B179FA51-48CF-4F63-8D95-2AD57FE898A0}.Debug|Win32.ActiveCfg = Debug|Win32
		{B179FA51-48CF-4F63-8D95-2AD57FE898A0}.Debug|Win32.Build.0 = Debug|Win32
		{B179FA51-48CF-4F63-8D95-2AD57FE898A0}.Hybrid|Win32.ActiveCfg = Hybrid|Win32
		{B179FA51-48CF-4F63-8D95-2AD57FE898A0}.Hybrid|Win32.Build.0 = Hybrid|Win32
		{B179FA51-48CF-4F63-8D95-2AD57FE898A0}.Release_Indie|Win32.ActiveCfg = Release_Indie|Win32
		{B179FA51-48CF-4F63-8D95-2AD57FE898A0}.Release_Indie|Win32.Build.0 = Release_Indie|Win32
		{B179FA51-48CF-4F63-8D95-2AD57FE898A0}.Release|Win32.ActiveCfg = Release|Win32
		{B179FA51-48CF-4F63-8D95-2AD57FE898A0}.Release|Win32.Build.0 = Release|Win32
		{A21801EE-C2C0-4AE9-A9D1-72257F08D5BD}.Debug|Win32.ActiveCfg = Debug|Win32
		{A21801EE-C2C0-4AE9-A9D1-72257F08D5BD}.Debug|Win32.Build.0 = Debug|Win32
		{A21801EE-C2C0-4AE9-A9D1-72257F08D5BD}.Hybrid|Win32.ActiveCfg = Hybrid|Win32
		{A21801EE-C2C0-4AE9-A9D1-72257F08D5BD}.Hybrid|Win32.Build.0 = Hybrid|Win32
		{A21801EE-C2C0-4AE9-A9D1-72257F08D5BD}.Release_Indie|Win32.ActiveCfg = Release_Indie|Win32
		{A21801EE-C2C0-4AE9-A9D1-72257F08D5BD}.Release_Indie|Win32.Build.0 = Release_Indie|Win32
		{A21801EE-C2C0-4AE9-A9D1-72257F08D5BD}.Release|Win32.ActiveCfg = Release|Win32
		{A21801EE-C2C0-4AE9-A9D1-72257F08D5BD}.Release|Win32.Build.0 = Release|Win32
		{204D85B9-F793-4F21-99FF-40AC92A08E5D}.Debug|Win32.ActiveCfg = Debug|Win32
		{204D85B9-F793-4F21-99FF-40AC92A08E5D}.Debug|Win32.Build.0 = Debug|Win32
		{204D85B9-F793-4F21-99FF-40AC92A08E5D}.Hybrid|Win32.ActiveCfg = Hybrid|Win32
		{204D85B9-F793-4F21-99FF-40AC92A08E5D}.Hybrid|Win32.Build.0 = Hybrid|Win32
		{204D85B9-F793-4F21-99FF-40AC92A08E5D}.Release_Indie|Win32.ActiveCfg = Release_Indie|Win32
		{204D85B9-F793-4F21-99FF-40AC92A08E5D}.Release_Indie|Win32.Build.0 = Release_Indie|Win32
		{204D85B9-F793-4F21-99FF-40AC92A08E5D}.Release|Win32.ActiveCfg = Release|Win32
		{204D85B9-F793-4F21-99FF-40AC92A08E5D}.Release|Win32.Build.0 = Release|Win32
		{1ABB1158-909C-4AD4-9F81-CB38BBA5D950}.Debug|Win32.ActiveCfg = Debug|Win32
		{1ABB1158-909C-4AD4-9F81-CB38BBA5D950}.Debug|Win32.Build.0 = Debug|Win32
		{1ABB1158-909C-4AD4-9F81-CB38BBA5D950}.Hybrid|Win32.ActiveCfg = Hybrid|Win32
		{1ABB1158-909C-4AD4-9F81-CB38BBA5D950}.Hybrid|Win32.Build.0 = Hybrid|Win32
		{1ABB1158-909C-4AD4-9F81-CB38BBA5D950}.Release_Indie|Win32.ActiveCfg = Release_Indie|Win32
		{1ABB1158-909C-4AD4-9F81-CB38BBA5D950}.Release_Indie|Win32.Build.0 = Release_Indie|Win32
		{1ABB1158-909C-4AD4-9F81-CB38BBA5D950}.Release|Win32.ActiveCfg = Release|Win32
		{1ABB1158-909C-4AD4-9F81-CB38BBA5D950}.Release|Win32.Build.0 = Release|Win32
		{879B9D6D-C3AB-41C7-8EEC-B7B36C4AE5E7}.Debug|Win32.ActiveCfg = Debug|Win32
		{879B9D6D-C3AB-41C7-8EEC-B7B36C4AE5E7}.Debug|Win32.Build.0 = Debug|Win32
		{879B9D6D-C3AB-41C7-8EEC-B7B36C4AE5E7}.Hybrid|Win32.ActiveCfg = Hybrid|Win32
		{879B9D6D-C3AB-41C7-8EEC-B7B36C4AE5E7}.Hybrid|Win32.Build.0 = Hybrid|Win32
		{879B9D6D-C3AB-41C7-8EEC-B7B36C4AE5E7}.Release_Indie|Win32.ActiveCfg = Release_Indie|Win32
		{879B9D6D-C3AB-41C7-8EEC-B7B36C4AE5E7}.Release_Indie|Win32.Build.0 = Release_Indie|Win32
		{879B9D6D-C3AB-41C7-8EEC-B7B36C4AE5E7}.Release|Win32.ActiveCfg = Release|Win32
		{879B9D6D-C3AB-41C7-8EEC-B7B36C4AE5E7}.Release|Win32.Build.0 = Release|Win32
		{452C08A8-4B8E-4275-9207-81840EA8148E}.Debug|Win32.ActiveCfg = Debug|Win32
		{452C08A8-4B8E-4275-9207-81840EA8148E}.Debug|Win32.Build.0 = Debug|Win32
		{452C08A8-4B8E-4275-9207-81840EA8148E}.Hybrid|Win32.ActiveCfg = Hybrid|Win32
		{452C08A8-4B8E-4275-9207-81840EA8148E}.Hybrid|Win32.Build.0 = Hybrid|Win32
		{452C08A8-4B8E-4275-9207-81840EA8148E}.Release_Indie|Win32.ActiveCfg = Release_Indie|Win32
		{452C08A8-4B8E-4275-9207-81840EA8148E}.Release_Indie|Win32.Build.0 = Release_Indie|Win32
		{452C08A8-4B8E-4275-9207-81840EA8148E}.Release|Win32.ActiveCfg = Release|Win32
		{452C08A8-4B8E-4275-9207-81840EA8148E}.Release|Win32.Build.0 = Release|Win32
		{87B6D90B-35B0-43E6-8506-9EEF75584B9B}.Debug|Win32.ActiveCfg = Debug|Win32
		{87B6D90B-35B0-43E6-8506-9EEF75584B9B}.Debug|Win32.Build.0 = Debug|Win32
		{87B6D90B-35B0-43E6-8506-9EEF75584B9B}.Hybrid|Win32.ActiveCfg = Hybrid|Win32
		{87B6D90B-35B0-43E6-8506-9EEF75584B9B}.Hybrid|Win32.Build.0 = Hybrid|Win32
		{87B6D90B-35B0-43E6-8506-9EEF75584B9B}.Release_Indie|Win32.ActiveCfg = Release_Indie|Win32
		{87B6D90B-35B0-43E6-8506-9EEF75584B9B}.Release_Indie|Win32.Build.0 = Release_Indie|Win32
		{87B6D90B-35B0-43E6-8506-9EEF75584B9B}.Release|Win32.ActiveCfg = Release|Win32
		{87B6D90B-35B0-43E6-8506-9EEF75584B9B}.Release|Win32.Build.0 = Release|Win32
		{DE5D8540-BC04-4753-BBEC-193A53B56286}.Debug|Win32.ActiveCfg = Debug|Win32
		{DE5D8540-BC04-4753-BBEC-193A53B56286}.Debug|Win32.Build.0 = Debug|Win32
		{DE5D8540-BC04-4753-BBEC-193A53B56286}.Hybrid|Win32.ActiveCfg = Hybrid|Win32
		{DE5D8540-BC04-4753-BBEC-193A53B56286}.Hybrid|Win32.Build.0 = Hybrid|Win32
		{DE5D8540-BC04-4753-BBEC-193A53B56286}.Release_Indie|Win32.ActiveCfg = Release_Indie|Win32
		{DE5D8540-BC04-4753-BBEC-193A53B56286}.Release_Indie|Win32.Build.0 = Release_Indie|Win32
		{DE5D8540-BC04-4753-BBEC-193A53B56286}.Release|Win32.ActiveCfg = Release|Win32
		{DE5D8540-BC04-4753-BBEC-193A53B56286}.Release|Win32.Build.0 = Release|Win32
		{6C51CE5E-7BBC-4245-8EFB-84601F19C4CA}.Debug|Win32.ActiveCfg = Debug|Win32
		{6C51CE5E-7BBC-4245-8EFB-84601F19C4CA}.Debug|Win32.Build.0 = Debug|Win32
		{6C51CE5E-7BBC-4245-8EFB-84601F19C4CA}.Hybrid|Win32.ActiveCfg = Hybrid|Win32
		{6C51CE5E-7BBC-4245-8EFB-84601F19C4CA}.Hybrid|Win32.Build.0 = Hybrid|Win32
		{6C51CE5E-7BBC-4245-8EFB-84601F19C4CA}.Release_Indie|Win32.ActiveCfg = Release_Indie|Win32
		{6C51CE5E-7BBC-4245-8EFB-84601F19C4CA}.Release_Indie|Win32.Build.0 = Release_Indie|Win32
		{6C51CE5E-7BBC-4245-8EFB-84601F19C4CA}.Release|Win32.ActiveCfg = Release|Win32
		{6C51CE5E-7BBC-4245-8EFB-84601F19C4CA}.Release|Win32.Build.0 = Release|Win32
		{131D1CEC-1E7A-48D0-A25D-080A3C0BEE24}.Debug|Win32.ActiveCfg = Debug|Win32
		{131D1CEC-1E7A-48D0-A25D-080A3C0BEE24}.Debug|Win32.Build.0 = Debug|Win32
		{131D1CEC-1E7A-48D0-A25D-080A3C0BEE24}.Hybrid|Win32.ActiveCfg = Hybrid|Win32
		{131D1CEC-1E7A-48D0-A25D-080A3C0BEE24}.Hybrid|Win32.Build.0 = Hybrid|Win32
		{131D1CEC-1E7A-48D0-A25D-080A3C0BEE24}.Release_Indie|Win32.ActiveCfg = Release_Indie|Win32
		{131D1CEC-1E7A-48D0-A25D-080A3C0BEE24}.Release_Indie|Win32.Build.0 = Release_Indie|Win32
		{131D1CEC-1E7A-48D0-A25D-080A3C0BEE24}.Release|Win32.ActiveCfg = Release|Win32
		{131D1CEC-1E7A-48D0-A25D-080A3C0BEE24}.Release|Win32.Build.0 = Release|Win32
		{24D5B31B-392B-4B38-8CA0-6273F2B4933C}.Debug|Win32.ActiveCfg = Debug|Win32
		{24D5B31B-392B-4B38-8CA0-6273F2B4933C}.Debug|Win32.Build.0 = Debug|Win32
		{24D5B31B-392B-4B38-8CA0-6273F2B4933C}.Hybrid|Win32.ActiveCfg = Hybrid|Win32
		{24D5B31B-392B-4B38-8CA0-6273F2B4933C}.Hybrid|Win32.Build.0 = Hybrid|Win32
		{24D5B31B-392B-4B38-8CA0-6273F2B4933C}.Release_Indie|Win32.ActiveCfg = Release_Indie|Win32
		{24D5B31B-392B-4B38-8CA0-6273F2B4933C}.Release_Indie|Win32.Build.0 = Release_Indie|Win32
		{24D5B31B-392B-4B38-8CA0-6273F2B4933C}.Release|Win32.ActiveCfg = Release|Win32
		{24D5B31B-392B-4B38-8CA0-6273F2B4933C}.Release|Win32.Build.0 = Release|Win32
		{CF7AC3D1-E2DF-41D2-BEA6-1E2556CDEA26}.Debug|Win32.ActiveCfg = Debug|Win32
		{CF7AC3D1-E2DF-41D2-BEA6-1E2556CDEA26}.Debug|Win32.Build.0 = Debug|Win32
		{CF7AC3D1-E2DF-41D2-BEA6-1E2556CDEA26}.Hybrid|Win32.ActiveCfg = Hybrid|Win32
		{CF7AC3D1-E2DF-41D2-BEA6-1E2556CDEA26}.Hybrid|Win32.Build.0 = Hybrid|Win32
		{CF7AC3D1-E2DF-41D2-BEA6-1E2556CDEA26}.Release_Indie|Win32.ActiveCfg = Release_Indie|Win32
		{CF7AC3D1-E2DF-41D2-BEA6-1E2556CDEA26}.Release_Indie|Win32.Build.0 = Release_Indie|Win32
		{CF7AC3D1-E2DF-41D2-BEA6-1E2556CDEA26}.Release|Win32.ActiveCfg = Release|Win32
		{CF7AC3D1-E2DF-41D2-BEA6-1E2556CDEA26}.Release|Win32.Build.0 = Release|Win32
		{DB0DFFD4-284A-4EA7-8178-8BE7030C1B61}.Debug|Win32.ActiveCfg = Debug|Win32
		{DB0DFFD4-284A-4EA7-8178-8BE7030C1B61}.Debug|Win32.Build.0 = Debug|Win32
		{DB0DFFD4-284A-4EA7-8178-8BE7030C1B61}.Hybrid|Win32.ActiveCfg = Hybrid|Win32
		{DB0DFFD4-284A-4EA7-8178-8BE7030C1B61}.Hybrid|Win32.Build.0 = Hybrid|Win32
		{DB0DFFD4-284A-4EA7-8178-8BE7030C1B61}.Release_Indie|Win32.ActiveCfg = Release_Indie|Win32
		{DB0DFFD4-284A-4EA7-8178-8BE7030C1B61}.Release_Indie|Win32.Build.0 = Release_Indie|Win32
		{DB0DFFD4-284A-4EA7-8178-8BE7030C1B61}.Release|Win32.ActiveCfg = Release|Win32
		{DB0DFFD4-284A-4EA7-8178-8BE7030C1B61}.Release|Win32.Build.0 = Release|Win32
		{4AEF9430-3078-42D9-BB8E-045D4865F7EE}.Debug|Win32.ActiveCfg = Debug|Win32
		{4AEF9430-3078-42D9-BB8E-045D4865F7EE}.Debug|Win32.Build.0 = Debug|Win32
		{4AEF9430-3078-42D9-BB8E-045D4865F7EE}.Hybrid|Win32.ActiveCfg = Hybrid|Win32
		{4AEF9430-3078-42D9-BB8E-045D4865F7EE}.Hybrid|Win32.Build.0 = Hybrid|Win32
		{4AEF9430-3078-42D9-BB8E-045D4865F7EE}.Release_Indie|Win32.ActiveCfg = Release_Indie|Win32
		{4AEF9430-3078-42D9-BB8E-045D4865F7EE}.Release_Indie|Win32.Build.0 = Release_Indie|Win32
		{4AEF9430-3078-42D9-BB8E-045D4865F7EE}.Release|Win32.ActiveCfg = Release|Win32
		{4AEF9430-3078-42D9-BB8E-045D4865F7EE}.Release|Win32.Build.0 = Release|Win32
		{815069A2-799D-4958-B65D-039F4C9477C7}.Debug|Win32.ActiveCfg = Debug|Win32
		{815069A2-799D-4958-B65D-039F4C9477C7}.Debug|Win32.Build.0 = Debug|Win32
		{815069A2-799D-4958-B65D-039F4C9477C7}.Hybrid|Win32.ActiveCfg = Hybrid|Win32
		{815069A2-799D-4958-B65D-039F4C9477C7}.Hybrid|Win32.Build.0 = Hybrid|Win32
		{815069A2-799D-4958-B65D-039F4C9477C7}.Release_Indie|Win32.ActiveCfg = Release_Indie|Win32
		{815069A2-799D-4958-B65D-039F4C9477C7}.Release_Indie|Win32.Build.0 = Release_Indie|Win32
		{815069A2-799D-4958-B65D-039F4C9477C7}.Release|Win32.ActiveCfg = Release|Win32
		{815069A2-799D-4958-B65D-039F4C9477C7}.Release|Win32.Build.0 = Release|Win32
		{F158F1DC-D98F-465E-A153-D73259884A9F}.Debug|Win32.ActiveCfg = Debug|Win32
		{F158F1DC-D98F-465E-A153-D73259884A9F}.Debug|Win32.Build.0 = Debug|Win32
		{F158F1DC-D98F-465E-A153-D73259884A9F}.Hybrid|Win32.ActiveCfg = Hybrid|Win32
		{F158F1DC-D98F-465E-A153-D73259884A9F}.Hybrid|Win32.Build.0 = Hybrid|Win32
		{F158F1DC-D98F-465E-A153-D73259884A9F}.Release_Indie|Win32.ActiveCfg = Release_Indie|Win32
		{F158F1DC-D98F-465E-A153-D73259884A9F}.Release_Indie|Win32.Build.0 = Release_Indie|Win32
		{F158F1DC-D98F-465E-A153-D73259884A9F}.Release|Win32.ActiveCfg = Release|Win32
		{F158F1DC-D98F-465E-A153-D73259884A9F}.Release|Win32.Build.0 = Release|Win32
		{1B65A8A1-9FC1-4EB2-83F1-D628E71247FC}.Debug|Win32.ActiveCfg = Debug|Win32
		{1B65A8A1-9FC1-4EB2-83F1-D628E71247FC}.Debug|Win32.Build.0 = Debug|Win32
		{1B65A8A1-9FC1-4EB2-83F1-D628E71247FC}.Hybrid|Win32.ActiveCfg = Hybrid|Win32
		{1B65A8A1-9FC1-4EB2-83F1-D628E71247FC}.Hybrid|Win32.Build.0 = Hybrid|Win32
		{1B65A8A1-9FC1-4EB2-83F1-D628E71247FC}.Release_Indie|Win32.ActiveCfg = Release_Indie|Win32
		{1B65A8A1-9FC1-4EB2-83F1-D628E71247FC}.Release_Indie|Win32.Build.0 = Release_Indie|Win32
		{1B65A8A1-9FC1-4EB2-83F1-D628E71247FC}.Release|Win32.ActiveCfg = Release|Win32
		{1B65A8A1-9FC1-4EB2-83F1-D628E71247FC}.Release|Win32.Build.0 = Release|Win32
		{FCBC63D4-C80E-4194-BEBD-DF85DD22A06A}.Debug|Win32.ActiveCfg = Debug|Win32
		{FCBC63D4-C80E-4194-BEBD-DF85DD22A06A}.Debug|Win32.Build.0 = Debug|Win32
		{FCBC63D4-C80E-4194-BEBD-DF85DD22A06A}.Hybrid|Win32.ActiveCfg = Hybrid|Win32
		{FCBC63D4-C80E-4194-BEBD-DF85DD22A06A}.Hybrid|Win32.Build.0 = Hybrid|Win32
		{FCBC63D4-C80E-4194-BEBD-DF85DD22A06A}.Release_Indie|Win32.ActiveCfg = Release_Indie|Win32
		{FCBC63D4-C80E-4194-BEBD-DF85DD22A06A}.Release_Indie|Win32.Build.0 = Release_Indie|Win32
		{FCBC63D4-C80E-4194-BEBD-DF85DD22A06A}.Release|Win32.ActiveCfg = Release|Win32
		{FCBC63D4-C80E-4194-BEBD-DF85DD22A06A}.Release|Win32.Build.0 = Release|Win32
		{3F77FD54-39A8-459D-8DD7-0CB9551AA269}.Debug|Win32.ActiveCfg = Debug|Win32
		{3F77FD54-39A8-459D-8DD7-0CB9551AA269}.Debug|Win32.Build.0 = Debug|Win32
		{3F77FD54-39A8-459D-8DD7-0CB9551AA269}.Hybrid|Win32.ActiveCfg = Hybrid|Win32
		{3F77FD54-39A8-459D-8DD7-0CB9551AA269}.Hybrid|Win32.Build.0 = Hybrid|Win32
		{3F77FD54-39A8-459D-8DD7-0CB9551AA269}.Release_Indie|Win32.ActiveCfg = Release_Indie|Win32
		{3F77FD54-39A8-459D-8DD7-0CB9551AA269}.Release_Indie|Win32.Build.0 = Release_Indie|Win32
		{3F77FD54-39A8-459D-8DD7-0CB9551AA269}.Release|Win32.ActiveCfg = Release|Win32
		{3F77FD54-39A8-459D-8DD7-0CB9551AA269}.Release|Win32.Build.0 = Release|Win32
		{7F7ABCBF-59E8-418B-9787-04B5F0743ACB}.Debug|Win32.ActiveCfg = Debug|Win32
		{7F7ABCBF-59E8-418B-9787-04B5F0743ACB}.Debug|Win32.Build.0 = Debug|Win32
		{7F7ABCBF-59E8-418B-9787-04B5F0743ACB}.Hybrid|Win32.ActiveCfg = Hybrid|Win32
		{7F7ABCBF-59E8-418B-9787-04B5F0743ACB}.Hybrid|Win32.Build.0 = Hybrid|Win32
		{7F7ABCBF-59E8-418B-9787-04B5F0743ACB}.Release_Indie|Win32.ActiveCfg = Release_Indie|Win32
		{7F7ABCBF-59E8-418B-9787-04B5F0743ACB}.Release_Indie|Win32.Build.0 = Release_Indie|Win32
		{7F7ABCBF-59E8-418B-9787-04B5F0743ACB}.Release|Win32.ActiveCfg = Release|Win32
		{7F7ABCBF-59E8-418B-9787-04B5F0743ACB}.Release|Win32.Build.0 = Release|Win32
	EndGlobalSection
	GlobalSection(SolutionProperties) = preSolution
		HideSolutionNode = FALSE
	EndGlobalSection
EndGlobal
