Microsoft Visual Studio Solution File, Format Version 10.00
# Visual Studio 2008
Project("{8BC9CEB8-8B4A-11D0-8D11-00A0C91BC942}") = "res_packer", "res_packer2008.vcproj", "{6E6095DB-DF18-4550-A5F8-E2346145A19A}"
	ProjectSection(ProjectDependencies) = postProject
		{ACA40B35-0C48-4BB8-85FE-5376BD38211D} = {ACA40B35-0C48-4BB8-85FE-5376BD38211D}
		{4642B64B-ABF7-4FAB-903E-EB1E7CBF8A81} = {4642B64B-ABF7-4FAB-903E-EB1E7CBF8A81}
		{B179FA51-48CF-4F63-8D95-2AD57FE898A0} = {B179FA51-48CF-4F63-8D95-2AD57FE898A0}
		{1ABB1158-909C-4AD4-9F81-CB38BBA5D950} = {1ABB1158-909C-4AD4-9F81-CB38BBA5D950}
		{DA60D05D-C431-4CC4-903C-DB3E65D9AE0F} = {DA60D05D-C431-4CC4-903C-DB3E65D9AE0F}
		{879B9D6D-C3AB-41C7-8EEC-B7B36C4AE5E7} = {879B9D6D-C3AB-41C7-8EEC-B7B36C4AE5E7}
		{5DC4CC9A-3052-4076-A8D4-FE229C1AC141} = {5DC4CC9A-3052-4076-A8D4-FE229C1AC141}
		{204D85B9-F793-4F21-99FF-40AC92A08E5D} = {204D85B9-F793-4F21-99FF-40AC92A08E5D}
		{F158F1DC-D98F-465E-A153-D73259884A9F} = {F158F1DC-D98F-465E-A153-D73259884A9F}
		{A21801EE-C2C0-4AE9-A9D1-72257F08D5BD} = {A21801EE-C2C0-4AE9-A9D1-72257F08D5BD}
	EndProjectSection
EndProject
Project("{8BC9CEB8-8B4A-11D0-8D11-00A0C91BC942}") = "resmgr", "..\..\lib\resmgr\resmgr2008.vcproj", "{204D85B9-F793-4F21-99FF-40AC92A08E5D}"
EndProject
Project("{8BC9CEB8-8B4A-11D0-8D11-00A0C91BC942}") = "cstdmf", "..\..\lib\cstdmf\cstdmf2008.vcproj", "{4642B64B-ABF7-4FAB-903E-EB1E7CBF8A81}"
EndProject
Project("{8BC9CEB8-8B4A-11D0-8D11-00A0C91BC942}") = "zip", "..\..\lib\zip\zip2008.vcproj", "{1ABB1158-909C-4AD4-9F81-CB38BBA5D950}"
EndProject
Project("{8BC9CEB8-8B4A-11D0-8D11-00A0C91BC942}") = "math", "..\..\lib\math\math3d2008.vcproj", "{5DC4CC9A-3052-4076-A8D4-FE229C1AC141}"
EndProject
Project("{8BC9CEB8-8B4A-11D0-8D11-00A0C91BC942}") = "moo", "..\..\lib\moo\moo2008.vcproj", "{B179FA51-48CF-4F63-8D95-2AD57FE898A0}"
EndProject
Project("{8BC9CEB8-8B4A-11D0-8D11-00A0C91BC942}") = "physics2", "..\..\lib\physics2\physics22008.vcproj", "{A21801EE-C2C0-4AE9-A9D1-72257F08D5BD}"
EndProject
Project("{8BC9CEB8-8B4A-11D0-8D11-00A0C91BC942}") = "romp", "..\..\lib\romp\romp2008.vcproj", "{879B9D6D-C3AB-41C7-8EEC-B7B36C4AE5E7}"
EndProject
Project("{8BC9CEB8-8B4A-11D0-8D11-00A0C91BC942}") = "model", "..\..\lib\model\model2008.vcproj", "{F158F1DC-D98F-465E-A153-D73259884A9F}"
EndProject
Project("{8BC9CEB8-8B4A-11D0-8D11-00A0C91BC942}") = "job_system", "..\..\lib\job_system\job_system2008.vcproj", "{DA60D05D-C431-4CC4-903C-DB3E65D9AE0F}"
EndProject
Project("{8BC9CEB8-8B4A-11D0-8D11-00A0C91BC942}") = "nedalloc", "..\..\lib\third_party\nedalloc\nedmalloc2008.vcproj", "{ACA40B35-0C48-4BB8-85FE-5376BD38211D}"
EndProject
Global
	GlobalSection(SolutionConfigurationPlatforms) = preSolution
		Consumer_Release|Win32 = Consumer_Release|Win32
		Debug|Win32 = Debug|Win32
		Editor_Debug|Win32 = Editor_Debug|Win32
		Editor_Hybrid|Win32 = Editor_Hybrid|Win32
		Eval_Release|Win32 = Eval_Release|Win32
		Evaluation|Win32 = Evaluation|Win32
		Hybrid|Win32 = Hybrid|Win32
		PyModule_Hybrid|Win32 = PyModule_Hybrid|Win32
		Release|Win32 = Release|Win32
	EndGlobalSection
	GlobalSection(ProjectConfigurationPlatforms) = postSolution
		{6E6095DB-DF18-4550-A5F8-E2346145A19A}.Consumer_Release|Win32.ActiveCfg = Release|Win32
		{6E6095DB-DF18-4550-A5F8-E2346145A19A}.Consumer_Release|Win32.Build.0 = Release|Win32
		{6E6095DB-DF18-4550-A5F8-E2346145A19A}.Debug|Win32.ActiveCfg = Debug|Win32
		{6E6095DB-DF18-4550-A5F8-E2346145A19A}.Debug|Win32.Build.0 = Debug|Win32
		{6E6095DB-DF18-4550-A5F8-E2346145A19A}.Editor_Debug|Win32.ActiveCfg = Debug|Win32
		{6E6095DB-DF18-4550-A5F8-E2346145A19A}.Editor_Debug|Win32.Build.0 = Debug|Win32
		{6E6095DB-DF18-4550-A5F8-E2346145A19A}.Editor_Hybrid|Win32.ActiveCfg = Hybrid|Win32
		{6E6095DB-DF18-4550-A5F8-E2346145A19A}.Editor_Hybrid|Win32.Build.0 = Hybrid|Win32
		{6E6095DB-DF18-4550-A5F8-E2346145A19A}.Eval_Release|Win32.ActiveCfg = Release|Win32
		{6E6095DB-DF18-4550-A5F8-E2346145A19A}.Eval_Release|Win32.Build.0 = Release|Win32
		{6E6095DB-DF18-4550-A5F8-E2346145A19A}.Evaluation|Win32.ActiveCfg = Hybrid|Win32
		{6E6095DB-DF18-4550-A5F8-E2346145A19A}.Evaluation|Win32.Build.0 = Hybrid|Win32
		{6E6095DB-DF18-4550-A5F8-E2346145A19A}.Hybrid|Win32.ActiveCfg = Hybrid|Win32
		{6E6095DB-DF18-4550-A5F8-E2346145A19A}.Hybrid|Win32.Build.0 = Hybrid|Win32
		{6E6095DB-DF18-4550-A5F8-E2346145A19A}.PyModule_Hybrid|Win32.ActiveCfg = Hybrid|Win32
		{6E6095DB-DF18-4550-A5F8-E2346145A19A}.PyModule_Hybrid|Win32.Build.0 = Hybrid|Win32
		{6E6095DB-DF18-4550-A5F8-E2346145A19A}.Release|Win32.ActiveCfg = Release|Win32
		{6E6095DB-DF18-4550-A5F8-E2346145A19A}.Release|Win32.Build.0 = Release|Win32
		{204D85B9-F793-4F21-99FF-40AC92A08E5D}.Consumer_Release|Win32.ActiveCfg = Consumer_Release|Win32
		{204D85B9-F793-4F21-99FF-40AC92A08E5D}.Consumer_Release|Win32.Build.0 = Consumer_Release|Win32
		{204D85B9-F793-4F21-99FF-40AC92A08E5D}.Debug|Win32.ActiveCfg = Debug|Win32
		{204D85B9-F793-4F21-99FF-40AC92A08E5D}.Debug|Win32.Build.0 = Debug|Win32
		{204D85B9-F793-4F21-99FF-40AC92A08E5D}.Editor_Debug|Win32.ActiveCfg = Editor_Debug|Win32
		{204D85B9-F793-4F21-99FF-40AC92A08E5D}.Editor_Debug|Win32.Build.0 = Editor_Debug|Win32
		{204D85B9-F793-4F21-99FF-40AC92A08E5D}.Editor_Hybrid|Win32.ActiveCfg = Editor_Hybrid|Win32
		{204D85B9-F793-4F21-99FF-40AC92A08E5D}.Editor_Hybrid|Win32.Build.0 = Editor_Hybrid|Win32
		{204D85B9-F793-4F21-99FF-40AC92A08E5D}.Eval_Release|Win32.ActiveCfg = Release|Win32
		{204D85B9-F793-4F21-99FF-40AC92A08E5D}.Eval_Release|Win32.Build.0 = Release|Win32
		{204D85B9-F793-4F21-99FF-40AC92A08E5D}.Evaluation|Win32.ActiveCfg = Evaluation|Win32
		{204D85B9-F793-4F21-99FF-40AC92A08E5D}.Evaluation|Win32.Build.0 = Evaluation|Win32
		{204D85B9-F793-4F21-99FF-40AC92A08E5D}.Hybrid|Win32.ActiveCfg = Hybrid|Win32
		{204D85B9-F793-4F21-99FF-40AC92A08E5D}.Hybrid|Win32.Build.0 = Hybrid|Win32
		{204D85B9-F793-4F21-99FF-40AC92A08E5D}.PyModule_Hybrid|Win32.ActiveCfg = PyModule_Hybrid|Win32
		{204D85B9-F793-4F21-99FF-40AC92A08E5D}.PyModule_Hybrid|Win32.Build.0 = PyModule_Hybrid|Win32
		{204D85B9-F793-4F21-99FF-40AC92A08E5D}.Release|Win32.ActiveCfg = Release|Win32
		{204D85B9-F793-4F21-99FF-40AC92A08E5D}.Release|Win32.Build.0 = Release|Win32
		{4642B64B-ABF7-4FAB-903E-EB1E7CBF8A81}.Consumer_Release|Win32.ActiveCfg = Consumer_Release|Win32
		{4642B64B-ABF7-4FAB-903E-EB1E7CBF8A81}.Consumer_Release|Win32.Build.0 = Consumer_Release|Win32
		{4642B64B-ABF7-4FAB-903E-EB1E7CBF8A81}.Debug|Win32.ActiveCfg = Debug|Win32
		{4642B64B-ABF7-4FAB-903E-EB1E7CBF8A81}.Debug|Win32.Build.0 = Debug|Win32
		{4642B64B-ABF7-4FAB-903E-EB1E7CBF8A81}.Editor_Debug|Win32.ActiveCfg = Editor_Debug|Win32
		{4642B64B-ABF7-4FAB-903E-EB1E7CBF8A81}.Editor_Debug|Win32.Build.0 = Editor_Debug|Win32
		{4642B64B-ABF7-4FAB-903E-EB1E7CBF8A81}.Editor_Hybrid|Win32.ActiveCfg = Editor_Hybrid|Win32
		{4642B64B-ABF7-4FAB-903E-EB1E7CBF8A81}.Editor_Hybrid|Win32.Build.0 = Editor_Hybrid|Win32
		{4642B64B-ABF7-4FAB-903E-EB1E7CBF8A81}.Eval_Release|Win32.ActiveCfg = Release|Win32
		{4642B64B-ABF7-4FAB-903E-EB1E7CBF8A81}.Eval_Release|Win32.Build.0 = Release|Win32
		{4642B64B-ABF7-4FAB-903E-EB1E7CBF8A81}.Evaluation|Win32.ActiveCfg = Evaluation|Win32
		{4642B64B-ABF7-4FAB-903E-EB1E7CBF8A81}.Evaluation|Win32.Build.0 = Evaluation|Win32
		{4642B64B-ABF7-4FAB-903E-EB1E7CBF8A81}.Hybrid|Win32.ActiveCfg = Hybrid|Win32
		{4642B64B-ABF7-4FAB-903E-EB1E7CBF8A81}.Hybrid|Win32.Build.0 = Hybrid|Win32
		{4642B64B-ABF7-4FAB-903E-EB1E7CBF8A81}.PyModule_Hybrid|Win32.ActiveCfg = PyModule_Hybrid|Win32
		{4642B64B-ABF7-4FAB-903E-EB1E7CBF8A81}.PyModule_Hybrid|Win32.Build.0 = PyModule_Hybrid|Win32
		{4642B64B-ABF7-4FAB-903E-EB1E7CBF8A81}.Release|Win32.ActiveCfg = Release|Win32
		{4642B64B-ABF7-4FAB-903E-EB1E7CBF8A81}.Release|Win32.Build.0 = Release|Win32
		{1ABB1158-909C-4AD4-9F81-CB38BBA5D950}.Consumer_Release|Win32.ActiveCfg = Consumer_Release|Win32
		{1ABB1158-909C-4AD4-9F81-CB38BBA5D950}.Consumer_Release|Win32.Build.0 = Consumer_Release|Win32
		{1ABB1158-909C-4AD4-9F81-CB38BBA5D950}.Debug|Win32.ActiveCfg = Debug|Win32
		{1ABB1158-909C-4AD4-9F81-CB38BBA5D950}.Debug|Win32.Build.0 = Debug|Win32
		{1ABB1158-909C-4AD4-9F81-CB38BBA5D950}.Editor_Debug|Win32.ActiveCfg = Editor_Debug|Win32
		{1ABB1158-909C-4AD4-9F81-CB38BBA5D950}.Editor_Debug|Win32.Build.0 = Editor_Debug|Win32
		{1ABB1158-909C-4AD4-9F81-CB38BBA5D950}.Editor_Hybrid|Win32.ActiveCfg = Editor_Hybrid|Win32
		{1ABB1158-909C-4AD4-9F81-CB38BBA5D950}.Editor_Hybrid|Win32.Build.0 = Editor_Hybrid|Win32
		{1ABB1158-909C-4AD4-9F81-CB38BBA5D950}.Eval_Release|Win32.ActiveCfg = Release|Win32
		{1ABB1158-909C-4AD4-9F81-CB38BBA5D950}.Eval_Release|Win32.Build.0 = Release|Win32
		{1ABB1158-909C-4AD4-9F81-CB38BBA5D950}.Evaluation|Win32.ActiveCfg = Evaluation|Win32
		{1ABB1158-909C-4AD4-9F81-CB38BBA5D950}.Evaluation|Win32.Build.0 = Evaluation|Win32
		{1ABB1158-909C-4AD4-9F81-CB38BBA5D950}.Hybrid|Win32.ActiveCfg = Release|Win32
		{1ABB1158-909C-4AD4-9F81-CB38BBA5D950}.Hybrid|Win32.Build.0 = Release|Win32
		{1ABB1158-909C-4AD4-9F81-CB38BBA5D950}.PyModule_Hybrid|Win32.ActiveCfg = PyModule_Hybrid|Win32
		{1ABB1158-909C-4AD4-9F81-CB38BBA5D950}.PyModule_Hybrid|Win32.Build.0 = PyModule_Hybrid|Win32
		{1ABB1158-909C-4AD4-9F81-CB38BBA5D950}.Release|Win32.ActiveCfg = Release|Win32
		{1ABB1158-909C-4AD4-9F81-CB38BBA5D950}.Release|Win32.Build.0 = Release|Win32
		{5DC4CC9A-3052-4076-A8D4-FE229C1AC141}.Consumer_Release|Win32.ActiveCfg = Consumer_Release|Win32
		{5DC4CC9A-3052-4076-A8D4-FE229C1AC141}.Consumer_Release|Win32.Build.0 = Consumer_Release|Win32
		{5DC4CC9A-3052-4076-A8D4-FE229C1AC141}.Debug|Win32.ActiveCfg = Debug|Win32
		{5DC4CC9A-3052-4076-A8D4-FE229C1AC141}.Debug|Win32.Build.0 = Debug|Win32
		{5DC4CC9A-3052-4076-A8D4-FE229C1AC141}.Editor_Debug|Win32.ActiveCfg = Editor_Debug|Win32
		{5DC4CC9A-3052-4076-A8D4-FE229C1AC141}.Editor_Debug|Win32.Build.0 = Editor_Debug|Win32
		{5DC4CC9A-3052-4076-A8D4-FE229C1AC141}.Editor_Hybrid|Win32.ActiveCfg = Editor_Hybrid|Win32
		{5DC4CC9A-3052-4076-A8D4-FE229C1AC141}.Editor_Hybrid|Win32.Build.0 = Editor_Hybrid|Win32
		{5DC4CC9A-3052-4076-A8D4-FE229C1AC141}.Eval_Release|Win32.ActiveCfg = Release|Win32
		{5DC4CC9A-3052-4076-A8D4-FE229C1AC141}.Eval_Release|Win32.Build.0 = Release|Win32
		{5DC4CC9A-3052-4076-A8D4-FE229C1AC141}.Evaluation|Win32.ActiveCfg = Evaluation|Win32
		{5DC4CC9A-3052-4076-A8D4-FE229C1AC141}.Evaluation|Win32.Build.0 = Evaluation|Win32
		{5DC4CC9A-3052-4076-A8D4-FE229C1AC141}.Hybrid|Win32.ActiveCfg = Hybrid|Win32
		{5DC4CC9A-3052-4076-A8D4-FE229C1AC141}.Hybrid|Win32.Build.0 = Hybrid|Win32
		{5DC4CC9A-3052-4076-A8D4-FE229C1AC141}.PyModule_Hybrid|Win32.ActiveCfg = PyModule_Hybrid|Win32
		{5DC4CC9A-3052-4076-A8D4-FE229C1AC141}.PyModule_Hybrid|Win32.Build.0 = PyModule_Hybrid|Win32
		{5DC4CC9A-3052-4076-A8D4-FE229C1AC141}.Release|Win32.ActiveCfg = Release|Win32
		{5DC4CC9A-3052-4076-A8D4-FE229C1AC141}.Release|Win32.Build.0 = Release|Win32
		{B179FA51-48CF-4F63-8D95-2AD57FE898A0}.Consumer_Release|Win32.ActiveCfg = Consumer_Release|Win32
		{B179FA51-48CF-4F63-8D95-2AD57FE898A0}.Consumer_Release|Win32.Build.0 = Consumer_Release|Win32
		{B179FA51-48CF-4F63-8D95-2AD57FE898A0}.Debug|Win32.ActiveCfg = Debug|Win32
		{B179FA51-48CF-4F63-8D95-2AD57FE898A0}.Debug|Win32.Build.0 = Debug|Win32
		{B179FA51-48CF-4F63-8D95-2AD57FE898A0}.Editor_Debug|Win32.ActiveCfg = Editor_Debug|Win32
		{B179FA51-48CF-4F63-8D95-2AD57FE898A0}.Editor_Debug|Win32.Build.0 = Editor_Debug|Win32
		{B179FA51-48CF-4F63-8D95-2AD57FE898A0}.Editor_Hybrid|Win32.ActiveCfg = Editor_Hybrid|Win32
		{B179FA51-48CF-4F63-8D95-2AD57FE898A0}.Editor_Hybrid|Win32.Build.0 = Editor_Hybrid|Win32
		{B179FA51-48CF-4F63-8D95-2AD57FE898A0}.Eval_Release|Win32.ActiveCfg = Release|Win32
		{B179FA51-48CF-4F63-8D95-2AD57FE898A0}.Eval_Release|Win32.Build.0 = Release|Win32
		{B179FA51-48CF-4F63-8D95-2AD57FE898A0}.Evaluation|Win32.ActiveCfg = Evaluation|Win32
		{B179FA51-48CF-4F63-8D95-2AD57FE898A0}.Evaluation|Win32.Build.0 = Evaluation|Win32
		{B179FA51-48CF-4F63-8D95-2AD57FE898A0}.Hybrid|Win32.ActiveCfg = Hybrid|Win32
		{B179FA51-48CF-4F63-8D95-2AD57FE898A0}.Hybrid|Win32.Build.0 = Hybrid|Win32
		{B179FA51-48CF-4F63-8D95-2AD57FE898A0}.PyModule_Hybrid|Win32.ActiveCfg = PyModule_Hybrid|Win32
		{B179FA51-48CF-4F63-8D95-2AD57FE898A0}.PyModule_Hybrid|Win32.Build.0 = PyModule_Hybrid|Win32
		{B179FA51-48CF-4F63-8D95-2AD57FE898A0}.Release|Win32.ActiveCfg = Release|Win32
		{B179FA51-48CF-4F63-8D95-2AD57FE898A0}.Release|Win32.Build.0 = Release|Win32
		{A21801EE-C2C0-4AE9-A9D1-72257F08D5BD}.Consumer_Release|Win32.ActiveCfg = Consumer_Release|Win32
		{A21801EE-C2C0-4AE9-A9D1-72257F08D5BD}.Consumer_Release|Win32.Build.0 = Consumer_Release|Win32
		{A21801EE-C2C0-4AE9-A9D1-72257F08D5BD}.Debug|Win32.ActiveCfg = Debug|Win32
		{A21801EE-C2C0-4AE9-A9D1-72257F08D5BD}.Debug|Win32.Build.0 = Debug|Win32
		{A21801EE-C2C0-4AE9-A9D1-72257F08D5BD}.Editor_Debug|Win32.ActiveCfg = Editor_Debug|Win32
		{A21801EE-C2C0-4AE9-A9D1-72257F08D5BD}.Editor_Debug|Win32.Build.0 = Editor_Debug|Win32
		{A21801EE-C2C0-4AE9-A9D1-72257F08D5BD}.Editor_Hybrid|Win32.ActiveCfg = Editor_Hybrid|Win32
		{A21801EE-C2C0-4AE9-A9D1-72257F08D5BD}.Editor_Hybrid|Win32.Build.0 = Editor_Hybrid|Win32
		{A21801EE-C2C0-4AE9-A9D1-72257F08D5BD}.Eval_Release|Win32.ActiveCfg = Release|Win32
		{A21801EE-C2C0-4AE9-A9D1-72257F08D5BD}.Eval_Release|Win32.Build.0 = Release|Win32
		{A21801EE-C2C0-4AE9-A9D1-72257F08D5BD}.Evaluation|Win32.ActiveCfg = Evaluation|Win32
		{A21801EE-C2C0-4AE9-A9D1-72257F08D5BD}.Evaluation|Win32.Build.0 = Evaluation|Win32
		{A21801EE-C2C0-4AE9-A9D1-72257F08D5BD}.Hybrid|Win32.ActiveCfg = Hybrid|Win32
		{A21801EE-C2C0-4AE9-A9D1-72257F08D5BD}.Hybrid|Win32.Build.0 = Hybrid|Win32
		{A21801EE-C2C0-4AE9-A9D1-72257F08D5BD}.PyModule_Hybrid|Win32.ActiveCfg = PyModule_Hybrid|Win32
		{A21801EE-C2C0-4AE9-A9D1-72257F08D5BD}.PyModule_Hybrid|Win32.Build.0 = PyModule_Hybrid|Win32
		{A21801EE-C2C0-4AE9-A9D1-72257F08D5BD}.Release|Win32.ActiveCfg = Release|Win32
		{A21801EE-C2C0-4AE9-A9D1-72257F08D5BD}.Release|Win32.Build.0 = Release|Win32
		{879B9D6D-C3AB-41C7-8EEC-B7B36C4AE5E7}.Consumer_Release|Win32.ActiveCfg = Consumer_Release|Win32
		{879B9D6D-C3AB-41C7-8EEC-B7B36C4AE5E7}.Consumer_Release|Win32.Build.0 = Consumer_Release|Win32
		{879B9D6D-C3AB-41C7-8EEC-B7B36C4AE5E7}.Debug|Win32.ActiveCfg = Debug|Win32
		{879B9D6D-C3AB-41C7-8EEC-B7B36C4AE5E7}.Debug|Win32.Build.0 = Debug|Win32
		{879B9D6D-C3AB-41C7-8EEC-B7B36C4AE5E7}.Editor_Debug|Win32.ActiveCfg = Editor_Debug|Win32
		{879B9D6D-C3AB-41C7-8EEC-B7B36C4AE5E7}.Editor_Debug|Win32.Build.0 = Editor_Debug|Win32
		{879B9D6D-C3AB-41C7-8EEC-B7B36C4AE5E7}.Editor_Hybrid|Win32.ActiveCfg = Editor_Hybrid|Win32
		{879B9D6D-C3AB-41C7-8EEC-B7B36C4AE5E7}.Editor_Hybrid|Win32.Build.0 = Editor_Hybrid|Win32
		{879B9D6D-C3AB-41C7-8EEC-B7B36C4AE5E7}.Eval_Release|Win32.ActiveCfg = Release|Win32
		{879B9D6D-C3AB-41C7-8EEC-B7B36C4AE5E7}.Eval_Release|Win32.Build.0 = Release|Win32
		{879B9D6D-C3AB-41C7-8EEC-B7B36C4AE5E7}.Evaluation|Win32.ActiveCfg = Evaluation|Win32
		{879B9D6D-C3AB-41C7-8EEC-B7B36C4AE5E7}.Evaluation|Win32.Build.0 = Evaluation|Win32
		{879B9D6D-C3AB-41C7-8EEC-B7B36C4AE5E7}.Hybrid|Win32.ActiveCfg = Hybrid|Win32
		{879B9D6D-C3AB-41C7-8EEC-B7B36C4AE5E7}.Hybrid|Win32.Build.0 = Hybrid|Win32
		{879B9D6D-C3AB-41C7-8EEC-B7B36C4AE5E7}.PyModule_Hybrid|Win32.ActiveCfg = PyModule_Hybrid|Win32
		{879B9D6D-C3AB-41C7-8EEC-B7B36C4AE5E7}.PyModule_Hybrid|Win32.Build.0 = PyModule_Hybrid|Win32
		{879B9D6D-C3AB-41C7-8EEC-B7B36C4AE5E7}.Release|Win32.ActiveCfg = Release|Win32
		{879B9D6D-C3AB-41C7-8EEC-B7B36C4AE5E7}.Release|Win32.Build.0 = Release|Win32
		{F158F1DC-D98F-465E-A153-D73259884A9F}.Consumer_Release|Win32.ActiveCfg = Consumer_Release|Win32
		{F158F1DC-D98F-465E-A153-D73259884A9F}.Consumer_Release|Win32.Build.0 = Consumer_Release|Win32
		{F158F1DC-D98F-465E-A153-D73259884A9F}.Debug|Win32.ActiveCfg = Debug|Win32
		{F158F1DC-D98F-465E-A153-D73259884A9F}.Debug|Win32.Build.0 = Debug|Win32
		{F158F1DC-D98F-465E-A153-D73259884A9F}.Editor_Debug|Win32.ActiveCfg = Editor_Debug|Win32
		{F158F1DC-D98F-465E-A153-D73259884A9F}.Editor_Debug|Win32.Build.0 = Editor_Debug|Win32
		{F158F1DC-D98F-465E-A153-D73259884A9F}.Editor_Hybrid|Win32.ActiveCfg = Editor_Hybrid|Win32
		{F158F1DC-D98F-465E-A153-D73259884A9F}.Editor_Hybrid|Win32.Build.0 = Editor_Hybrid|Win32
		{F158F1DC-D98F-465E-A153-D73259884A9F}.Eval_Release|Win32.ActiveCfg = Release|Win32
		{F158F1DC-D98F-465E-A153-D73259884A9F}.Eval_Release|Win32.Build.0 = Release|Win32
		{F158F1DC-D98F-465E-A153-D73259884A9F}.Evaluation|Win32.ActiveCfg = Evaluation|Win32
		{F158F1DC-D98F-465E-A153-D73259884A9F}.Evaluation|Win32.Build.0 = Evaluation|Win32
		{F158F1DC-D98F-465E-A153-D73259884A9F}.Hybrid|Win32.ActiveCfg = Hybrid|Win32
		{F158F1DC-D98F-465E-A153-D73259884A9F}.Hybrid|Win32.Build.0 = Hybrid|Win32
		{F158F1DC-D98F-465E-A153-D73259884A9F}.PyModule_Hybrid|Win32.ActiveCfg = PyModule_Hybrid|Win32
		{F158F1DC-D98F-465E-A153-D73259884A9F}.PyModule_Hybrid|Win32.Build.0 = PyModule_Hybrid|Win32
		{F158F1DC-D98F-465E-A153-D73259884A9F}.Release|Win32.ActiveCfg = Release|Win32
		{F158F1DC-D98F-465E-A153-D73259884A9F}.Release|Win32.Build.0 = Release|Win32
		{DA60D05D-C431-4CC4-903C-DB3E65D9AE0F}.Consumer_Release|Win32.ActiveCfg = Consumer_Release|Win32
		{DA60D05D-C431-4CC4-903C-DB3E65D9AE0F}.Consumer_Release|Win32.Build.0 = Consumer_Release|Win32
		{DA60D05D-C431-4CC4-903C-DB3E65D9AE0F}.Debug|Win32.ActiveCfg = Debug|Win32
		{DA60D05D-C431-4CC4-903C-DB3E65D9AE0F}.Debug|Win32.Build.0 = Debug|Win32
		{DA60D05D-C431-4CC4-903C-DB3E65D9AE0F}.Editor_Debug|Win32.ActiveCfg = Editor_Debug|Win32
		{DA60D05D-C431-4CC4-903C-DB3E65D9AE0F}.Editor_Debug|Win32.Build.0 = Editor_Debug|Win32
		{DA60D05D-C431-4CC4-903C-DB3E65D9AE0F}.Editor_Hybrid|Win32.ActiveCfg = Editor_Hybrid|Win32
		{DA60D05D-C431-4CC4-903C-DB3E65D9AE0F}.Editor_Hybrid|Win32.Build.0 = Editor_Hybrid|Win32
		{DA60D05D-C431-4CC4-903C-DB3E65D9AE0F}.Eval_Release|Win32.ActiveCfg = Eval_Release|Win32
		{DA60D05D-C431-4CC4-903C-DB3E65D9AE0F}.Eval_Release|Win32.Build.0 = Eval_Release|Win32
		{DA60D05D-C431-4CC4-903C-DB3E65D9AE0F}.Evaluation|Win32.ActiveCfg = Evaluation|Win32
		{DA60D05D-C431-4CC4-903C-DB3E65D9AE0F}.Evaluation|Win32.Build.0 = Evaluation|Win32
		{DA60D05D-C431-4CC4-903C-DB3E65D9AE0F}.Hybrid|Win32.ActiveCfg = Hybrid|Win32
		{DA60D05D-C431-4CC4-903C-DB3E65D9AE0F}.Hybrid|Win32.Build.0 = Hybrid|Win32
		{DA60D05D-C431-4CC4-903C-DB3E65D9AE0F}.PyModule_Hybrid|Win32.ActiveCfg = PyModule_Hybrid|Win32
		{DA60D05D-C431-4CC4-903C-DB3E65D9AE0F}.PyModule_Hybrid|Win32.Build.0 = PyModule_Hybrid|Win32
		{DA60D05D-C431-4CC4-903C-DB3E65D9AE0F}.Release|Win32.ActiveCfg = Release|Win32
		{DA60D05D-C431-4CC4-903C-DB3E65D9AE0F}.Release|Win32.Build.0 = Release|Win32
		{ACA40B35-0C48-4BB8-85FE-5376BD38211D}.Consumer_Release|Win32.ActiveCfg = Consumer_Release|Win32
		{ACA40B35-0C48-4BB8-85FE-5376BD38211D}.Consumer_Release|Win32.Build.0 = Consumer_Release|Win32
		{ACA40B35-0C48-4BB8-85FE-5376BD38211D}.Debug|Win32.ActiveCfg = Debug|Win32
		{ACA40B35-0C48-4BB8-85FE-5376BD38211D}.Debug|Win32.Build.0 = Debug|Win32
		{ACA40B35-0C48-4BB8-85FE-5376BD38211D}.Editor_Debug|Win32.ActiveCfg = Editor_Debug|Win32
		{ACA40B35-0C48-4BB8-85FE-5376BD38211D}.Editor_Debug|Win32.Build.0 = Editor_Debug|Win32
		{ACA40B35-0C48-4BB8-85FE-5376BD38211D}.Editor_Hybrid|Win32.ActiveCfg = Editor_Hybrid|Win32
		{ACA40B35-0C48-4BB8-85FE-5376BD38211D}.Editor_Hybrid|Win32.Build.0 = Editor_Hybrid|Win32
		{ACA40B35-0C48-4BB8-85FE-5376BD38211D}.Eval_Release|Win32.ActiveCfg = Eval_Release|Win32
		{ACA40B35-0C48-4BB8-85FE-5376BD38211D}.Eval_Release|Win32.Build.0 = Eval_Release|Win32
		{ACA40B35-0C48-4BB8-85FE-5376BD38211D}.Evaluation|Win32.ActiveCfg = Evaluation|Win32
		{ACA40B35-0C48-4BB8-85FE-5376BD38211D}.Evaluation|Win32.Build.0 = Evaluation|Win32
		{ACA40B35-0C48-4BB8-85FE-5376BD38211D}.Hybrid|Win32.ActiveCfg = Hybrid|Win32
		{ACA40B35-0C48-4BB8-85FE-5376BD38211D}.Hybrid|Win32.Build.0 = Hybrid|Win32
		{ACA40B35-0C48-4BB8-85FE-5376BD38211D}.PyModule_Hybrid|Win32.ActiveCfg = PyModule_Hybrid|Win32
		{ACA40B35-0C48-4BB8-85FE-5376BD38211D}.PyModule_Hybrid|Win32.Build.0 = PyModule_Hybrid|Win32
		{ACA40B35-0C48-4BB8-85FE-5376BD38211D}.Release|Win32.ActiveCfg = Release|Win32
		{ACA40B35-0C48-4BB8-85FE-5376BD38211D}.Release|Win32.Build.0 = Release|Win32
	EndGlobalSection
	GlobalSection(SolutionProperties) = preSolution
		HideSolutionNode = FALSE
	EndGlobalSection
EndGlobal
