Microsoft Visual Studio Solution File, Format Version 9.00
# Visual Studio 2005
Project("{8BC9CEB8-8B4A-11D0-8D11-00A0C91BC942}") = "worldeditor", "worldeditor2005.vcproj", "{581F3C87-1199-4B00-A6BD-1ADB56628E14}"
	ProjectSection(WebsiteProperties) = preProject
		Debug.AspNetCompiler.Debug = "True"
		Release.AspNetCompiler.Debug = "False"
	EndProjectSection
	ProjectSection(ProjectDependencies) = postProject
		{879B9D6D-C3AB-41C7-8EEC-B7B36C4AE5E8} = {879B9D6D-C3AB-41C7-8EEC-B7B36C4AE5E8}
		{FCBC63D4-C80E-4194-BEBD-DF85DD22A06A} = {FCBC63D4-C80E-4194-BEBD-DF85DD22A06A}
		{DB0DFFD4-284A-4EA7-8178-8BE7030C1B61} = {DB0DFFD4-284A-4EA7-8178-8BE7030C1B61}
		{EED0A6F9-5761-42B2-B508-DB3D1C3081A9} = {EED0A6F9-5761-42B2-B508-DB3D1C3081A9}
		{91A63DF7-5637-48F7-9CCB-771EFE137D89} = {91A63DF7-5637-48F7-9CCB-771EFE137D89}
		{A21801EE-C2C0-4AE9-A9D1-72257F08D5BD} = {A21801EE-C2C0-4AE9-A9D1-72257F08D5BD}
		{131D1CEC-1E7A-48D0-A25D-080A3C0BEE24} = {131D1CEC-1E7A-48D0-A25D-080A3C0BEE24}
		{CF7AC3D1-E2DF-41D2-BEA6-1E2556CDEA26} = {CF7AC3D1-E2DF-41D2-BEA6-1E2556CDEA26}
		{204D85B9-F793-4F21-99FF-40AC92A08E5D} = {204D85B9-F793-4F21-99FF-40AC92A08E5D}
		{266972B7-B248-45C8-8DE2-2700C829D8EA} = {266972B7-B248-45C8-8DE2-2700C829D8EA}
		{452C08A8-4B8E-4275-9207-81840EA8148E} = {452C08A8-4B8E-4275-9207-81840EA8148E}
		{1B65A8A1-9FC1-4EB2-83F1-D628E71247FC} = {1B65A8A1-9FC1-4EB2-83F1-D628E71247FC}
		{5DC4CC9A-3052-4076-A8D4-FE229C1AC141} = {5DC4CC9A-3052-4076-A8D4-FE229C1AC141}
		{89B5908E-20F2-4367-9E19-C66EEB0F374F} = {89B5908E-20F2-4367-9E19-C66EEB0F374F}
		{879B9D6D-C3AB-41C7-8EEC-B7B36C4AE5E7} = {879B9D6D-C3AB-41C7-8EEC-B7B36C4AE5E7}
		{6C51CE5E-7BBC-4245-8EFB-84601F19C4CA} = {6C51CE5E-7BBC-4245-8EFB-84601F19C4CA}
		{B709F95B-6064-4DF7-8F18-220A89E92152} = {B709F95B-6064-4DF7-8F18-220A89E92152}
		{1ABB1158-909C-4AD4-9F81-CB38BBA5D950} = {1ABB1158-909C-4AD4-9F81-CB38BBA5D950}
		{B179FA51-48CF-4F63-8D95-2AD57FE898A0} = {B179FA51-48CF-4F63-8D95-2AD57FE898A0}
		{4642B64B-ABF7-4FAB-903E-EB1E7CBF8A81} = {4642B64B-ABF7-4FAB-903E-EB1E7CBF8A81}
		{6D82B340-9438-491F-B3A2-9E2DF61A0395} = {6D82B340-9438-491F-B3A2-9E2DF61A0395}
		{DE5D8540-BC04-4753-BBEC-193A53B56286} = {DE5D8540-BC04-4753-BBEC-193A53B56286}
		{1822802B-886E-468A-B571-A034001F0B30} = {1822802B-886E-468A-B571-A034001F0B30}
		{24D5B31B-392B-4B38-8CA0-6273F2B4933C} = {24D5B31B-392B-4B38-8CA0-6273F2B4933C}
		{765E9E13-190B-42EB-BDD5-360B2CC86705} = {765E9E13-190B-42EB-BDD5-360B2CC86705}
		{4AEF9430-3078-42D9-BB8E-045D4865F7EE} = {4AEF9430-3078-42D9-BB8E-045D4865F7EE}
		{F158F1DC-D98F-465E-A153-D73259884A9F} = {F158F1DC-D98F-465E-A153-D73259884A9F}
		{815069A2-799D-4958-B65D-039F4C9477C7} = {815069A2-799D-4958-B65D-039F4C9477C7}
		{EE3DFE6A-A2DF-4E42-B282-ED1571B3ADF9} = {EE3DFE6A-A2DF-4E42-B282-ED1571B3ADF9}
		{87B6D90B-35B0-43E6-8506-9EEF75584B9B} = {87B6D90B-35B0-43E6-8506-9EEF75584B9B}
	EndProjectSection
EndProject
Project("{8BC9CEB8-8B4A-11D0-8D11-00A0C91BC942}") = "appmgr", "..\..\lib\appmgr\appmgr2005.vcproj", "{EED0A6F9-5761-42B2-B508-DB3D1C3081A9}"
	ProjectSection(WebsiteProperties) = preProject
		Debug.AspNetCompiler.Debug = "True"
		Release.AspNetCompiler.Debug = "False"
	EndProjectSection
EndProject
Project("{8BC9CEB8-8B4A-11D0-8D11-00A0C91BC942}") = "ashes", "..\..\lib\ashes\ashes2005.vcproj", "{131D1CEC-1E7A-48D0-A25D-080A3C0BEE24}"
	ProjectSection(WebsiteProperties) = preProject
		Debug.AspNetCompiler.Debug = "True"
		Release.AspNetCompiler.Debug = "False"
	EndProjectSection
EndProject
Project("{8BC9CEB8-8B4A-11D0-8D11-00A0C91BC942}") = "cstdmf", "..\..\lib\cstdmf\cstdmf2005.vcproj", "{4642B64B-ABF7-4FAB-903E-EB1E7CBF8A81}"
	ProjectSection(WebsiteProperties) = preProject
		Debug.AspNetCompiler.Debug = "True"
		Release.AspNetCompiler.Debug = "False"
	EndProjectSection
EndProject
Project("{8BC9CEB8-8B4A-11D0-8D11-00A0C91BC942}") = "duplo", "..\..\lib\duplo\duplo2005.vcproj", "{6C51CE5E-7BBC-4245-8EFB-84601F19C4CA}"
	ProjectSection(WebsiteProperties) = preProject
		Debug.AspNetCompiler.Debug = "True"
		Release.AspNetCompiler.Debug = "False"
	EndProjectSection
EndProject
Project("{8BC9CEB8-8B4A-11D0-8D11-00A0C91BC942}") = "editor_chunk", "..\..\lib\chunk\editor_chunk2005.vcproj", "{B709F95B-6064-4DF7-8F18-220A89E92152}"
	ProjectSection(WebsiteProperties) = preProject
		Debug.AspNetCompiler.Debug = "True"
		Release.AspNetCompiler.Debug = "False"
	EndProjectSection
EndProject
Project("{8BC9CEB8-8B4A-11D0-8D11-00A0C91BC942}") = "entitydef", "..\..\lib\entitydef\entitydef2005.vcproj", "{1822802B-886E-468A-B571-A034001F0B30}"
	ProjectSection(WebsiteProperties) = preProject
		Debug.AspNetCompiler.Debug = "True"
		Release.AspNetCompiler.Debug = "False"
	EndProjectSection
EndProject
Project("{8BC9CEB8-8B4A-11D0-8D11-00A0C91BC942}") = "gizmo", "..\..\lib\gizmo\gizmo2005.vcproj", "{89B5908E-20F2-4367-9E19-C66EEB0F374F}"
	ProjectSection(WebsiteProperties) = preProject
		Debug.AspNetCompiler.Debug = "True"
		Release.AspNetCompiler.Debug = "False"
	EndProjectSection
EndProject
Project("{8BC9CEB8-8B4A-11D0-8D11-00A0C91BC942}") = "input", "..\..\lib\input\input2005.vcproj", "{24D5B31B-392B-4B38-8CA0-6273F2B4933C}"
	ProjectSection(WebsiteProperties) = preProject
		Debug.AspNetCompiler.Debug = "True"
		Release.AspNetCompiler.Debug = "False"
	EndProjectSection
EndProject
Project("{8BC9CEB8-8B4A-11D0-8D11-00A0C91BC942}") = "math", "..\..\lib\math\math3d2005.vcproj", "{5DC4CC9A-3052-4076-A8D4-FE229C1AC141}"
	ProjectSection(WebsiteProperties) = preProject
		Debug.AspNetCompiler.Debug = "True"
		Release.AspNetCompiler.Debug = "False"
	EndProjectSection
EndProject
Project("{8BC9CEB8-8B4A-11D0-8D11-00A0C91BC942}") = "moo", "..\..\lib\moo\moo2005.vcproj", "{B179FA51-48CF-4F63-8D95-2AD57FE898A0}"
	ProjectSection(WebsiteProperties) = preProject
		Debug.AspNetCompiler.Debug = "True"
		Release.AspNetCompiler.Debug = "False"
	EndProjectSection
EndProject
Project("{8BC9CEB8-8B4A-11D0-8D11-00A0C91BC942}") = "network", "..\..\lib\network\network2005.vcproj", "{452C08A8-4B8E-4275-9207-81840EA8148E}"
	ProjectSection(WebsiteProperties) = preProject
		Debug.AspNetCompiler.Debug = "True"
		Release.AspNetCompiler.Debug = "False"
	EndProjectSection
EndProject
Project("{8BC9CEB8-8B4A-11D0-8D11-00A0C91BC942}") = "physics2", "..\..\lib\physics2\physics22005.vcproj", "{A21801EE-C2C0-4AE9-A9D1-72257F08D5BD}"
	ProjectSection(WebsiteProperties) = preProject
		Debug.AspNetCompiler.Debug = "True"
		Release.AspNetCompiler.Debug = "False"
	EndProjectSection
EndProject
Project("{8BC9CEB8-8B4A-11D0-8D11-00A0C91BC942}") = "pyscript", "..\..\lib\pyscript\pyscript2005.vcproj", "{87B6D90B-35B0-43E6-8506-9EEF75584B9B}"
	ProjectSection(WebsiteProperties) = preProject
		Debug.AspNetCompiler.Debug = "True"
		Release.AspNetCompiler.Debug = "False"
	EndProjectSection
EndProject
Project("{8BC9CEB8-8B4A-11D0-8D11-00A0C91BC942}") = "resmgr", "..\..\lib\resmgr\resmgr2005.vcproj", "{204D85B9-F793-4F21-99FF-40AC92A08E5D}"
	ProjectSection(WebsiteProperties) = preProject
		Debug.AspNetCompiler.Debug = "True"
		Release.AspNetCompiler.Debug = "False"
	EndProjectSection
EndProject
Project("{8BC9CEB8-8B4A-11D0-8D11-00A0C91BC942}") = "romp", "..\..\lib\romp\romp2005.vcproj", "{879B9D6D-C3AB-41C7-8EEC-B7B36C4AE5E7}"
	ProjectSection(WebsiteProperties) = preProject
		Debug.AspNetCompiler.Debug = "True"
		Release.AspNetCompiler.Debug = "False"
	EndProjectSection
EndProject
Project("{8BC9CEB8-8B4A-11D0-8D11-00A0C91BC942}") = "zip", "..\..\lib\zip\zip2005.vcproj", "{1ABB1158-909C-4AD4-9F81-CB38BBA5D950}"
	ProjectSection(WebsiteProperties) = preProject
		Debug.AspNetCompiler.Debug = "True"
		Release.AspNetCompiler.Debug = "False"
	EndProjectSection
EndProject
Project("{8BC9CEB8-8B4A-11D0-8D11-00A0C91BC942}") = "guitabs", "..\..\lib\guitabs\guitabs2005.vcproj", "{6D82B340-9438-491F-B3A2-9E2DF61A0395}"
	ProjectSection(WebsiteProperties) = preProject
		Debug.AspNetCompiler.Debug = "True"
		Release.AspNetCompiler.Debug = "False"
	EndProjectSection
EndProject
Project("{8BC9CEB8-8B4A-11D0-8D11-00A0C91BC942}") = "speedtree", "..\..\lib\speedtree\speedtree2005.vcproj", "{DE5D8540-BC04-4753-BBEC-193A53B56286}"
	ProjectSection(WebsiteProperties) = preProject
		Debug.AspNetCompiler.Debug = "True"
		Release.AspNetCompiler.Debug = "False"
	EndProjectSection
EndProject
Project("{8BC9CEB8-8B4A-11D0-8D11-00A0C91BC942}") = "guimanager", "..\..\lib\guimanager\guimanager2005.vcproj", "{266972B7-B248-45C8-8DE2-2700C829D8EA}"
	ProjectSection(WebsiteProperties) = preProject
		Debug.AspNetCompiler.Debug = "True"
		Release.AspNetCompiler.Debug = "False"
	EndProjectSection
EndProject
Project("{8BC9CEB8-8B4A-11D0-8D11-00A0C91BC942}") = "ual", "..\..\lib\ual\ual2005.vcproj", "{765E9E13-190B-42EB-BDD5-360B2CC86705}"
	ProjectSection(WebsiteProperties) = preProject
		Debug.AspNetCompiler.Debug = "True"
		Release.AspNetCompiler.Debug = "False"
	EndProjectSection
EndProject
Project("{8BC9CEB8-8B4A-11D0-8D11-00A0C91BC942}") = "controls2005", "..\..\lib\controls\controls2005.vcproj", "{91A63DF7-5637-48F7-9CCB-771EFE137D89}"
	ProjectSection(WebsiteProperties) = preProject
		Debug.AspNetCompiler.Debug = "True"
		Release.AspNetCompiler.Debug = "False"
	EndProjectSection
EndProject
Project("{8BC9CEB8-8B4A-11D0-8D11-00A0C91BC942}") = "fmodsound", "..\..\lib\fmodsound\fmodsound2005.vcproj", "{1B65A8A1-9FC1-4EB2-83F1-D628E71247FC}"
	ProjectSection(WebsiteProperties) = preProject
		Debug.AspNetCompiler.Debug = "True"
		Release.AspNetCompiler.Debug = "False"
	EndProjectSection
EndProject
Project("{8BC9CEB8-8B4A-11D0-8D11-00A0C91BC942}") = "libpng", "..\..\lib\png\projects\visualc71\libpng.vcproj", "{DB0DFFD4-284A-4EA7-8178-8BE7030C1B61}"
	ProjectSection(WebsiteProperties) = preProject
		Debug.AspNetCompiler.Debug = "True"
		Release.AspNetCompiler.Debug = "False"
	EndProjectSection
EndProject
Project("{8BC9CEB8-8B4A-11D0-8D11-00A0C91BC942}") = "terrain", "..\..\lib\terrain\terrain2005.vcproj", "{4AEF9430-3078-42D9-BB8E-045D4865F7EE}"
	ProjectSection(WebsiteProperties) = preProject
		Debug.AspNetCompiler.Debug = "True"
		Release.AspNetCompiler.Debug = "False"
	EndProjectSection
EndProject
Project("{8BC9CEB8-8B4A-11D0-8D11-00A0C91BC942}") = "particle", "..\..\lib\particle\particle2005.vcproj", "{815069A2-799D-4958-B65D-039F4C9477C7}"
	ProjectSection(WebsiteProperties) = preProject
		Debug.AspNetCompiler.Debug = "True"
		Release.AspNetCompiler.Debug = "False"
	EndProjectSection
EndProject
Project("{8BC9CEB8-8B4A-11D0-8D11-00A0C91BC942}") = "model", "..\..\lib\model\model.vcproj", "{F158F1DC-D98F-465E-A153-D73259884A9F}"
	ProjectSection(WebsiteProperties) = preProject
		Debug.AspNetCompiler.Debug = "True"
		Release.AspNetCompiler.Debug = "False"
	EndProjectSection
EndProject
Project("{8BC9CEB8-8B4A-11D0-8D11-00A0C91BC942}") = "post_processing", "..\..\lib\post_processing\post_processing2005.vcproj", "{879B9D6D-C3AB-41C7-8EEC-B7B36C4AE5E8}"
	ProjectSection(WebsiteProperties) = preProject
		Debug.AspNetCompiler.Debug = "True"
		Release.AspNetCompiler.Debug = "False"
	EndProjectSection
	ProjectSection(ProjectDependencies) = postProject
		{87B6D90B-35B0-43E6-8506-9EEF75584B9B} = {87B6D90B-35B0-43E6-8506-9EEF75584B9B}
		{4642B64B-ABF7-4FAB-903E-EB1E7CBF8A81} = {4642B64B-ABF7-4FAB-903E-EB1E7CBF8A81}
		{B179FA51-48CF-4F63-8D95-2AD57FE898A0} = {B179FA51-48CF-4F63-8D95-2AD57FE898A0}
		{879B9D6D-C3AB-41C7-8EEC-B7B36C4AE5E7} = {879B9D6D-C3AB-41C7-8EEC-B7B36C4AE5E7}
		{CF7AC3D1-E2DF-41D2-BEA6-1E2556CDEA26} = {CF7AC3D1-E2DF-41D2-BEA6-1E2556CDEA26}
	EndProjectSection
EndProject
Project("{8BC9CEB8-8B4A-11D0-8D11-00A0C91BC942}") = "job_system", "..\..\lib\job_system\job_system2005.vcproj", "{FCBC63D4-C80E-4194-BEBD-DF85DD22A06A}"
	ProjectSection(WebsiteProperties) = preProject
		Debug.AspNetCompiler.Debug = "True"
		Release.AspNetCompiler.Debug = "False"
	EndProjectSection
EndProject
Project("{2150E333-8FDC-42A3-9474-1A3956D46DE8}") = "unit_test", "unit_test", "{AE2B8170-9E8B-4A6A-8804-1ECCEF8D07D3}"
	ProjectSection(WebsiteProperties) = preProject
		Debug.AspNetCompiler.Debug = "True"
		Release.AspNetCompiler.Debug = "False"
	EndProjectSection
EndProject
Project("{8BC9CEB8-8B4A-11D0-8D11-00A0C91BC942}") = "unit_test_lib", "..\..\lib\unit_test_lib\unit_test_lib2005.vcproj", "{BDB0F10C-888F-4CFE-840E-F9C0EC4D4CCD}"
	ProjectSection(WebsiteProperties) = preProject
		Debug.AspNetCompiler.Debug = "True"
		Release.AspNetCompiler.Debug = "False"
	EndProjectSection
EndProject
Project("{8BC9CEB8-8B4A-11D0-8D11-00A0C91BC942}") = "CppUnitLite2", "..\..\lib\third_party\CppUnitLite2\CppUnitLite2.vcproj", "{C9544704-7EC3-4E3B-B989-EDC0685F7FC4}"
	ProjectSection(WebsiteProperties) = preProject
		Debug.AspNetCompiler.Debug = "True"
		Release.AspNetCompiler.Debug = "False"
	EndProjectSection
EndProject
Project("{8BC9CEB8-8B4A-11D0-8D11-00A0C91BC942}") = "pythoncore", "..\..\lib\python\PC\VS8.0\pythoncore.vcproj", "{CF7AC3D1-E2DF-41D2-BEA6-1E2556CDEA26}"
EndProject
Global
	GlobalSection(SolutionConfigurationPlatforms) = preSolution
		Editor_Debug|Win32 = Editor_Debug|Win32
		Editor_Eval|Win32 = Editor_Eval|Win32
		Editor_Hybrid_Indie|Win32 = Editor_Hybrid_Indie|Win32
		Editor_Hybrid|Win32 = Editor_Hybrid|Win32
	EndGlobalSection
	GlobalSection(ProjectConfigurationPlatforms) = postSolution
		{581F3C87-1199-4B00-A6BD-1ADB56628E14}.Editor_Debug|Win32.ActiveCfg = Editor_Debug|Win32
		{581F3C87-1199-4B00-A6BD-1ADB56628E14}.Editor_Debug|Win32.Build.0 = Editor_Debug|Win32
		{581F3C87-1199-4B00-A6BD-1ADB56628E14}.Editor_Eval|Win32.ActiveCfg = Editor_Eval|Win32
		{581F3C87-1199-4B00-A6BD-1ADB56628E14}.Editor_Eval|Win32.Build.0 = Editor_Eval|Win32
		{581F3C87-1199-4B00-A6BD-1ADB56628E14}.Editor_Hybrid_Indie|Win32.ActiveCfg = Editor_Hybrid_Indie|Win32
		{581F3C87-1199-4B00-A6BD-1ADB56628E14}.Editor_Hybrid_Indie|Win32.Build.0 = Editor_Hybrid_Indie|Win32
		{581F3C87-1199-4B00-A6BD-1ADB56628E14}.Editor_Hybrid|Win32.ActiveCfg = Editor_Hybrid|Win32
		{581F3C87-1199-4B00-A6BD-1ADB56628E14}.Editor_Hybrid|Win32.Build.0 = Editor_Hybrid|Win32
		{EED0A6F9-5761-42B2-B508-DB3D1C3081A9}.Editor_Debug|Win32.ActiveCfg = Editor_Debug|Win32
		{EED0A6F9-5761-42B2-B508-DB3D1C3081A9}.Editor_Debug|Win32.Build.0 = Editor_Debug|Win32
		{EED0A6F9-5761-42B2-B508-DB3D1C3081A9}.Editor_Eval|Win32.ActiveCfg = Editor_Hybrid|Win32
		{EED0A6F9-5761-42B2-B508-DB3D1C3081A9}.Editor_Eval|Win32.Build.0 = Editor_Hybrid|Win32
		{EED0A6F9-5761-42B2-B508-DB3D1C3081A9}.Editor_Hybrid_Indie|Win32.ActiveCfg = Editor_Hybrid_Indie|Win32
		{EED0A6F9-5761-42B2-B508-DB3D1C3081A9}.Editor_Hybrid_Indie|Win32.Build.0 = Editor_Hybrid_Indie|Win32
		{EED0A6F9-5761-42B2-B508-DB3D1C3081A9}.Editor_Hybrid|Win32.ActiveCfg = Editor_Hybrid|Win32
		{EED0A6F9-5761-42B2-B508-DB3D1C3081A9}.Editor_Hybrid|Win32.Build.0 = Editor_Hybrid|Win32
		{131D1CEC-1E7A-48D0-A25D-080A3C0BEE24}.Editor_Debug|Win32.ActiveCfg = Editor_Debug|Win32
		{131D1CEC-1E7A-48D0-A25D-080A3C0BEE24}.Editor_Debug|Win32.Build.0 = Editor_Debug|Win32
		{131D1CEC-1E7A-48D0-A25D-080A3C0BEE24}.Editor_Eval|Win32.ActiveCfg = Editor_Hybrid|Win32
		{131D1CEC-1E7A-48D0-A25D-080A3C0BEE24}.Editor_Eval|Win32.Build.0 = Editor_Hybrid|Win32
		{131D1CEC-1E7A-48D0-A25D-080A3C0BEE24}.Editor_Hybrid_Indie|Win32.ActiveCfg = Editor_Hybrid_Indie|Win32
		{131D1CEC-1E7A-48D0-A25D-080A3C0BEE24}.Editor_Hybrid_Indie|Win32.Build.0 = Editor_Hybrid_Indie|Win32
		{131D1CEC-1E7A-48D0-A25D-080A3C0BEE24}.Editor_Hybrid|Win32.ActiveCfg = Editor_Hybrid|Win32
		{131D1CEC-1E7A-48D0-A25D-080A3C0BEE24}.Editor_Hybrid|Win32.Build.0 = Editor_Hybrid|Win32
		{4642B64B-ABF7-4FAB-903E-EB1E7CBF8A81}.Editor_Debug|Win32.ActiveCfg = Editor_Debug|Win32
		{4642B64B-ABF7-4FAB-903E-EB1E7CBF8A81}.Editor_Debug|Win32.Build.0 = Editor_Debug|Win32
		{4642B64B-ABF7-4FAB-903E-EB1E7CBF8A81}.Editor_Eval|Win32.ActiveCfg = Editor_Hybrid|Win32
		{4642B64B-ABF7-4FAB-903E-EB1E7CBF8A81}.Editor_Eval|Win32.Build.0 = Editor_Hybrid|Win32
		{4642B64B-ABF7-4FAB-903E-EB1E7CBF8A81}.Editor_Hybrid_Indie|Win32.ActiveCfg = Editor_Hybrid_Indie|Win32
		{4642B64B-ABF7-4FAB-903E-EB1E7CBF8A81}.Editor_Hybrid_Indie|Win32.Build.0 = Editor_Hybrid_Indie|Win32
		{4642B64B-ABF7-4FAB-903E-EB1E7CBF8A81}.Editor_Hybrid|Win32.ActiveCfg = Editor_Hybrid|Win32
		{4642B64B-ABF7-4FAB-903E-EB1E7CBF8A81}.Editor_Hybrid|Win32.Build.0 = Editor_Hybrid|Win32
		{6C51CE5E-7BBC-4245-8EFB-84601F19C4CA}.Editor_Debug|Win32.ActiveCfg = Editor_Debug|Win32
		{6C51CE5E-7BBC-4245-8EFB-84601F19C4CA}.Editor_Debug|Win32.Build.0 = Editor_Debug|Win32
		{6C51CE5E-7BBC-4245-8EFB-84601F19C4CA}.Editor_Eval|Win32.ActiveCfg = Editor_Hybrid|Win32
		{6C51CE5E-7BBC-4245-8EFB-84601F19C4CA}.Editor_Eval|Win32.Build.0 = Editor_Hybrid|Win32
		{6C51CE5E-7BBC-4245-8EFB-84601F19C4CA}.Editor_Hybrid_Indie|Win32.ActiveCfg = Editor_Hybrid_Indie|Win32
		{6C51CE5E-7BBC-4245-8EFB-84601F19C4CA}.Editor_Hybrid_Indie|Win32.Build.0 = Editor_Hybrid_Indie|Win32
		{6C51CE5E-7BBC-4245-8EFB-84601F19C4CA}.Editor_Hybrid|Win32.ActiveCfg = Editor_Hybrid|Win32
		{6C51CE5E-7BBC-4245-8EFB-84601F19C4CA}.Editor_Hybrid|Win32.Build.0 = Editor_Hybrid|Win32
		{B709F95B-6064-4DF7-8F18-220A89E92152}.Editor_Debug|Win32.ActiveCfg = Editor_Debug|Win32
		{B709F95B-6064-4DF7-8F18-220A89E92152}.Editor_Debug|Win32.Build.0 = Editor_Debug|Win32
		{B709F95B-6064-4DF7-8F18-220A89E92152}.Editor_Eval|Win32.ActiveCfg = Editor_Hybrid|Win32
		{B709F95B-6064-4DF7-8F18-220A89E92152}.Editor_Eval|Win32.Build.0 = Editor_Hybrid|Win32
		{B709F95B-6064-4DF7-8F18-220A89E92152}.Editor_Hybrid_Indie|Win32.ActiveCfg = Editor_Hybrid_Indie|Win32
		{B709F95B-6064-4DF7-8F18-220A89E92152}.Editor_Hybrid_Indie|Win32.Build.0 = Editor_Hybrid_Indie|Win32
		{B709F95B-6064-4DF7-8F18-220A89E92152}.Editor_Hybrid|Win32.ActiveCfg = Editor_Hybrid|Win32
		{B709F95B-6064-4DF7-8F18-220A89E92152}.Editor_Hybrid|Win32.Build.0 = Editor_Hybrid|Win32
		{1822802B-886E-468A-B571-A034001F0B30}.Editor_Debug|Win32.ActiveCfg = Editor_Debug|Win32
		{1822802B-886E-468A-B571-A034001F0B30}.Editor_Debug|Win32.Build.0 = Editor_Debug|Win32
		{1822802B-886E-468A-B571-A034001F0B30}.Editor_Eval|Win32.ActiveCfg = Editor_Hybrid|Win32
		{1822802B-886E-468A-B571-A034001F0B30}.Editor_Eval|Win32.Build.0 = Editor_Hybrid|Win32
		{1822802B-886E-468A-B571-A034001F0B30}.Editor_Hybrid_Indie|Win32.ActiveCfg = Editor_Hybrid_Indie|Win32
		{1822802B-886E-468A-B571-A034001F0B30}.Editor_Hybrid_Indie|Win32.Build.0 = Editor_Hybrid_Indie|Win32
		{1822802B-886E-468A-B571-A034001F0B30}.Editor_Hybrid|Win32.ActiveCfg = Editor_Hybrid|Win32
		{1822802B-886E-468A-B571-A034001F0B30}.Editor_Hybrid|Win32.Build.0 = Editor_Hybrid|Win32
		{89B5908E-20F2-4367-9E19-C66EEB0F374F}.Editor_Debug|Win32.ActiveCfg = Editor_Debug|Win32
		{89B5908E-20F2-4367-9E19-C66EEB0F374F}.Editor_Debug|Win32.Build.0 = Editor_Debug|Win32
		{89B5908E-20F2-4367-9E19-C66EEB0F374F}.Editor_Eval|Win32.ActiveCfg = Editor_Hybrid|Win32
		{89B5908E-20F2-4367-9E19-C66EEB0F374F}.Editor_Eval|Win32.Build.0 = Editor_Hybrid|Win32
		{89B5908E-20F2-4367-9E19-C66EEB0F374F}.Editor_Hybrid_Indie|Win32.ActiveCfg = Editor_Hybrid_Indie|Win32
		{89B5908E-20F2-4367-9E19-C66EEB0F374F}.Editor_Hybrid_Indie|Win32.Build.0 = Editor_Hybrid_Indie|Win32
		{89B5908E-20F2-4367-9E19-C66EEB0F374F}.Editor_Hybrid|Win32.ActiveCfg = Editor_Hybrid|Win32
		{89B5908E-20F2-4367-9E19-C66EEB0F374F}.Editor_Hybrid|Win32.Build.0 = Editor_Hybrid|Win32
		{24D5B31B-392B-4B38-8CA0-6273F2B4933C}.Editor_Debug|Win32.ActiveCfg = Editor_Debug|Win32
		{24D5B31B-392B-4B38-8CA0-6273F2B4933C}.Editor_Debug|Win32.Build.0 = Editor_Debug|Win32
		{24D5B31B-392B-4B38-8CA0-6273F2B4933C}.Editor_Eval|Win32.ActiveCfg = Editor_Hybrid|Win32
		{24D5B31B-392B-4B38-8CA0-6273F2B4933C}.Editor_Eval|Win32.Build.0 = Editor_Hybrid|Win32
		{24D5B31B-392B-4B38-8CA0-6273F2B4933C}.Editor_Hybrid_Indie|Win32.ActiveCfg = Editor_Hybrid_Indie|Win32
		{24D5B31B-392B-4B38-8CA0-6273F2B4933C}.Editor_Hybrid_Indie|Win32.Build.0 = Editor_Hybrid_Indie|Win32
		{24D5B31B-392B-4B38-8CA0-6273F2B4933C}.Editor_Hybrid|Win32.ActiveCfg = Editor_Hybrid|Win32
		{24D5B31B-392B-4B38-8CA0-6273F2B4933C}.Editor_Hybrid|Win32.Build.0 = Editor_Hybrid|Win32
		{5DC4CC9A-3052-4076-A8D4-FE229C1AC141}.Editor_Debug|Win32.ActiveCfg = Editor_Debug|Win32
		{5DC4CC9A-3052-4076-A8D4-FE229C1AC141}.Editor_Debug|Win32.Build.0 = Editor_Debug|Win32
		{5DC4CC9A-3052-4076-A8D4-FE229C1AC141}.Editor_Eval|Win32.ActiveCfg = Editor_Hybrid|Win32
		{5DC4CC9A-3052-4076-A8D4-FE229C1AC141}.Editor_Eval|Win32.Build.0 = Editor_Hybrid|Win32
		{5DC4CC9A-3052-4076-A8D4-FE229C1AC141}.Editor_Hybrid_Indie|Win32.ActiveCfg = Editor_Hybrid_Indie|Win32
		{5DC4CC9A-3052-4076-A8D4-FE229C1AC141}.Editor_Hybrid_Indie|Win32.Build.0 = Editor_Hybrid_Indie|Win32
		{5DC4CC9A-3052-4076-A8D4-FE229C1AC141}.Editor_Hybrid|Win32.ActiveCfg = Editor_Hybrid|Win32
		{5DC4CC9A-3052-4076-A8D4-FE229C1AC141}.Editor_Hybrid|Win32.Build.0 = Editor_Hybrid|Win32
		{B179FA51-48CF-4F63-8D95-2AD57FE898A0}.Editor_Debug|Win32.ActiveCfg = Editor_Debug|Win32
		{B179FA51-48CF-4F63-8D95-2AD57FE898A0}.Editor_Debug|Win32.Build.0 = Editor_Debug|Win32
		{B179FA51-48CF-4F63-8D95-2AD57FE898A0}.Editor_Eval|Win32.ActiveCfg = Editor_Hybrid|Win32
		{B179FA51-48CF-4F63-8D95-2AD57FE898A0}.Editor_Eval|Win32.Build.0 = Editor_Hybrid|Win32
		{B179FA51-48CF-4F63-8D95-2AD57FE898A0}.Editor_Hybrid_Indie|Win32.ActiveCfg = Editor_Hybrid_Indie|Win32
		{B179FA51-48CF-4F63-8D95-2AD57FE898A0}.Editor_Hybrid_Indie|Win32.Build.0 = Editor_Hybrid_Indie|Win32
		{B179FA51-48CF-4F63-8D95-2AD57FE898A0}.Editor_Hybrid|Win32.ActiveCfg = Editor_Hybrid|Win32
		{B179FA51-48CF-4F63-8D95-2AD57FE898A0}.Editor_Hybrid|Win32.Build.0 = Editor_Hybrid|Win32
		{452C08A8-4B8E-4275-9207-81840EA8148E}.Editor_Debug|Win32.ActiveCfg = Editor_Debug|Win32
		{452C08A8-4B8E-4275-9207-81840EA8148E}.Editor_Debug|Win32.Build.0 = Editor_Debug|Win32
		{452C08A8-4B8E-4275-9207-81840EA8148E}.Editor_Eval|Win32.ActiveCfg = Editor_Hybrid|Win32
		{452C08A8-4B8E-4275-9207-81840EA8148E}.Editor_Eval|Win32.Build.0 = Editor_Hybrid|Win32
		{452C08A8-4B8E-4275-9207-81840EA8148E}.Editor_Hybrid_Indie|Win32.ActiveCfg = Editor_Hybrid_Indie|Win32
		{452C08A8-4B8E-4275-9207-81840EA8148E}.Editor_Hybrid_Indie|Win32.Build.0 = Editor_Hybrid_Indie|Win32
		{452C08A8-4B8E-4275-9207-81840EA8148E}.Editor_Hybrid|Win32.ActiveCfg = Editor_Hybrid|Win32
		{452C08A8-4B8E-4275-9207-81840EA8148E}.Editor_Hybrid|Win32.Build.0 = Editor_Hybrid|Win32
		{A21801EE-C2C0-4AE9-A9D1-72257F08D5BD}.Editor_Debug|Win32.ActiveCfg = Editor_Debug|Win32
		{A21801EE-C2C0-4AE9-A9D1-72257F08D5BD}.Editor_Debug|Win32.Build.0 = Editor_Debug|Win32
		{A21801EE-C2C0-4AE9-A9D1-72257F08D5BD}.Editor_Eval|Win32.ActiveCfg = Editor_Hybrid|Win32
		{A21801EE-C2C0-4AE9-A9D1-72257F08D5BD}.Editor_Eval|Win32.Build.0 = Editor_Hybrid|Win32
		{A21801EE-C2C0-4AE9-A9D1-72257F08D5BD}.Editor_Hybrid_Indie|Win32.ActiveCfg = Editor_Hybrid_Indie|Win32
		{A21801EE-C2C0-4AE9-A9D1-72257F08D5BD}.Editor_Hybrid_Indie|Win32.Build.0 = Editor_Hybrid_Indie|Win32
		{A21801EE-C2C0-4AE9-A9D1-72257F08D5BD}.Editor_Hybrid|Win32.ActiveCfg = Editor_Hybrid|Win32
		{A21801EE-C2C0-4AE9-A9D1-72257F08D5BD}.Editor_Hybrid|Win32.Build.0 = Editor_Hybrid|Win32
		{87B6D90B-35B0-43E6-8506-9EEF75584B9B}.Editor_Debug|Win32.ActiveCfg = Editor_Debug|Win32
		{87B6D90B-35B0-43E6-8506-9EEF75584B9B}.Editor_Debug|Win32.Build.0 = Editor_Debug|Win32
		{87B6D90B-35B0-43E6-8506-9EEF75584B9B}.Editor_Eval|Win32.ActiveCfg = Editor_Hybrid|Win32
		{87B6D90B-35B0-43E6-8506-9EEF75584B9B}.Editor_Eval|Win32.Build.0 = Editor_Hybrid|Win32
		{87B6D90B-35B0-43E6-8506-9EEF75584B9B}.Editor_Hybrid_Indie|Win32.ActiveCfg = Editor_Hybrid_Indie|Win32
		{87B6D90B-35B0-43E6-8506-9EEF75584B9B}.Editor_Hybrid_Indie|Win32.Build.0 = Editor_Hybrid_Indie|Win32
		{87B6D90B-35B0-43E6-8506-9EEF75584B9B}.Editor_Hybrid|Win32.ActiveCfg = Editor_Hybrid|Win32
		{87B6D90B-35B0-43E6-8506-9EEF75584B9B}.Editor_Hybrid|Win32.Build.0 = Editor_Hybrid|Win32
		{204D85B9-F793-4F21-99FF-40AC92A08E5D}.Editor_Debug|Win32.ActiveCfg = Editor_Debug|Win32
		{204D85B9-F793-4F21-99FF-40AC92A08E5D}.Editor_Debug|Win32.Build.0 = Editor_Debug|Win32
		{204D85B9-F793-4F21-99FF-40AC92A08E5D}.Editor_Eval|Win32.ActiveCfg = Editor_Hybrid|Win32
		{204D85B9-F793-4F21-99FF-40AC92A08E5D}.Editor_Eval|Win32.Build.0 = Editor_Hybrid|Win32
		{204D85B9-F793-4F21-99FF-40AC92A08E5D}.Editor_Hybrid_Indie|Win32.ActiveCfg = Editor_Hybrid_Indie|Win32
		{204D85B9-F793-4F21-99FF-40AC92A08E5D}.Editor_Hybrid_Indie|Win32.Build.0 = Editor_Hybrid_Indie|Win32
		{204D85B9-F793-4F21-99FF-40AC92A08E5D}.Editor_Hybrid|Win32.ActiveCfg = Editor_Hybrid|Win32
		{204D85B9-F793-4F21-99FF-40AC92A08E5D}.Editor_Hybrid|Win32.Build.0 = Editor_Hybrid|Win32
		{879B9D6D-C3AB-41C7-8EEC-B7B36C4AE5E7}.Editor_Debug|Win32.ActiveCfg = Editor_Debug|Win32
		{879B9D6D-C3AB-41C7-8EEC-B7B36C4AE5E7}.Editor_Debug|Win32.Build.0 = Editor_Debug|Win32
		{879B9D6D-C3AB-41C7-8EEC-B7B36C4AE5E7}.Editor_Eval|Win32.ActiveCfg = Editor_Hybrid|Win32
		{879B9D6D-C3AB-41C7-8EEC-B7B36C4AE5E7}.Editor_Eval|Win32.Build.0 = Editor_Hybrid|Win32
		{879B9D6D-C3AB-41C7-8EEC-B7B36C4AE5E7}.Editor_Hybrid_Indie|Win32.ActiveCfg = Editor_Hybrid_Indie|Win32
		{879B9D6D-C3AB-41C7-8EEC-B7B36C4AE5E7}.Editor_Hybrid_Indie|Win32.Build.0 = Editor_Hybrid_Indie|Win32
		{879B9D6D-C3AB-41C7-8EEC-B7B36C4AE5E7}.Editor_Hybrid|Win32.ActiveCfg = Editor_Hybrid|Win32
		{879B9D6D-C3AB-41C7-8EEC-B7B36C4AE5E7}.Editor_Hybrid|Win32.Build.0 = Editor_Hybrid|Win32
		{1ABB1158-909C-4AD4-9F81-CB38BBA5D950}.Editor_Debug|Win32.ActiveCfg = Editor_Debug|Win32
		{1ABB1158-909C-4AD4-9F81-CB38BBA5D950}.Editor_Debug|Win32.Build.0 = Editor_Debug|Win32
		{1ABB1158-909C-4AD4-9F81-CB38BBA5D950}.Editor_Eval|Win32.ActiveCfg = Editor_Hybrid|Win32
		{1ABB1158-909C-4AD4-9F81-CB38BBA5D950}.Editor_Eval|Win32.Build.0 = Editor_Hybrid|Win32
		{1ABB1158-909C-4AD4-9F81-CB38BBA5D950}.Editor_Hybrid_Indie|Win32.ActiveCfg = Editor_Hybrid_Indie|Win32
		{1ABB1158-909C-4AD4-9F81-CB38BBA5D950}.Editor_Hybrid_Indie|Win32.Build.0 = Editor_Hybrid_Indie|Win32
		{1ABB1158-909C-4AD4-9F81-CB38BBA5D950}.Editor_Hybrid|Win32.ActiveCfg = Editor_Hybrid|Win32
		{1ABB1158-909C-4AD4-9F81-CB38BBA5D950}.Editor_Hybrid|Win32.Build.0 = Editor_Hybrid|Win32
		{6D82B340-9438-491F-B3A2-9E2DF61A0395}.Editor_Debug|Win32.ActiveCfg = Editor_Debug|Win32
		{6D82B340-9438-491F-B3A2-9E2DF61A0395}.Editor_Debug|Win32.Build.0 = Editor_Debug|Win32
		{6D82B340-9438-491F-B3A2-9E2DF61A0395}.Editor_Eval|Win32.ActiveCfg = Editor_Hybrid|Win32
		{6D82B340-9438-491F-B3A2-9E2DF61A0395}.Editor_Eval|Win32.Build.0 = Editor_Hybrid|Win32
		{6D82B340-9438-491F-B3A2-9E2DF61A0395}.Editor_Hybrid_Indie|Win32.ActiveCfg = Editor_Hybrid_Indie|Win32
		{6D82B340-9438-491F-B3A2-9E2DF61A0395}.Editor_Hybrid_Indie|Win32.Build.0 = Editor_Hybrid_Indie|Win32
		{6D82B340-9438-491F-B3A2-9E2DF61A0395}.Editor_Hybrid|Win32.ActiveCfg = Editor_Hybrid|Win32
		{6D82B340-9438-491F-B3A2-9E2DF61A0395}.Editor_Hybrid|Win32.Build.0 = Editor_Hybrid|Win32
		{DE5D8540-BC04-4753-BBEC-193A53B56286}.Editor_Debug|Win32.ActiveCfg = Editor_Debug|Win32
		{DE5D8540-BC04-4753-BBEC-193A53B56286}.Editor_Debug|Win32.Build.0 = Editor_Debug|Win32
		{DE5D8540-BC04-4753-BBEC-193A53B56286}.Editor_Eval|Win32.ActiveCfg = Editor_Hybrid|Win32
		{DE5D8540-BC04-4753-BBEC-193A53B56286}.Editor_Eval|Win32.Build.0 = Editor_Hybrid|Win32
		{DE5D8540-BC04-4753-BBEC-193A53B56286}.Editor_Hybrid_Indie|Win32.ActiveCfg = Editor_Hybrid_Indie|Win32
		{DE5D8540-BC04-4753-BBEC-193A53B56286}.Editor_Hybrid_Indie|Win32.Build.0 = Editor_Hybrid_Indie|Win32
		{DE5D8540-BC04-4753-BBEC-193A53B56286}.Editor_Hybrid|Win32.ActiveCfg = Editor_Hybrid|Win32
		{DE5D8540-BC04-4753-BBEC-193A53B56286}.Editor_Hybrid|Win32.Build.0 = Editor_Hybrid|Win32
		{266972B7-B248-45C8-8DE2-2700C829D8EA}.Editor_Debug|Win32.ActiveCfg = Editor_Debug|Win32
		{266972B7-B248-45C8-8DE2-2700C829D8EA}.Editor_Debug|Win32.Build.0 = Editor_Debug|Win32
		{266972B7-B248-45C8-8DE2-2700C829D8EA}.Editor_Eval|Win32.ActiveCfg = Editor_Hybrid|Win32
		{266972B7-B248-45C8-8DE2-2700C829D8EA}.Editor_Eval|Win32.Build.0 = Editor_Hybrid|Win32
		{266972B7-B248-45C8-8DE2-2700C829D8EA}.Editor_Hybrid_Indie|Win32.ActiveCfg = Editor_Hybrid_Indie|Win32
		{266972B7-B248-45C8-8DE2-2700C829D8EA}.Editor_Hybrid_Indie|Win32.Build.0 = Editor_Hybrid_Indie|Win32
		{266972B7-B248-45C8-8DE2-2700C829D8EA}.Editor_Hybrid|Win32.ActiveCfg = Editor_Hybrid|Win32
		{266972B7-B248-45C8-8DE2-2700C829D8EA}.Editor_Hybrid|Win32.Build.0 = Editor_Hybrid|Win32
		{765E9E13-190B-42EB-BDD5-360B2CC86705}.Editor_Debug|Win32.ActiveCfg = Editor_Debug|Win32
		{765E9E13-190B-42EB-BDD5-360B2CC86705}.Editor_Debug|Win32.Build.0 = Editor_Debug|Win32
		{765E9E13-190B-42EB-BDD5-360B2CC86705}.Editor_Eval|Win32.ActiveCfg = Editor_Hybrid|Win32
		{765E9E13-190B-42EB-BDD5-360B2CC86705}.Editor_Eval|Win32.Build.0 = Editor_Hybrid|Win32
		{765E9E13-190B-42EB-BDD5-360B2CC86705}.Editor_Hybrid_Indie|Win32.ActiveCfg = Editor_Hybrid_Indie|Win32
		{765E9E13-190B-42EB-BDD5-360B2CC86705}.Editor_Hybrid_Indie|Win32.Build.0 = Editor_Hybrid_Indie|Win32
		{765E9E13-190B-42EB-BDD5-360B2CC86705}.Editor_Hybrid|Win32.ActiveCfg = Editor_Hybrid|Win32
		{765E9E13-190B-42EB-BDD5-360B2CC86705}.Editor_Hybrid|Win32.Build.0 = Editor_Hybrid|Win32
		{91A63DF7-5637-48F7-9CCB-771EFE137D89}.Editor_Debug|Win32.ActiveCfg = Editor_Debug|Win32
		{91A63DF7-5637-48F7-9CCB-771EFE137D89}.Editor_Debug|Win32.Build.0 = Editor_Debug|Win32
		{91A63DF7-5637-48F7-9CCB-771EFE137D89}.Editor_Eval|Win32.ActiveCfg = Editor_Hybrid|Win32
		{91A63DF7-5637-48F7-9CCB-771EFE137D89}.Editor_Eval|Win32.Build.0 = Editor_Hybrid|Win32
		{91A63DF7-5637-48F7-9CCB-771EFE137D89}.Editor_Hybrid_Indie|Win32.ActiveCfg = Editor_Hybrid_Indie|Win32
		{91A63DF7-5637-48F7-9CCB-771EFE137D89}.Editor_Hybrid_Indie|Win32.Build.0 = Editor_Hybrid_Indie|Win32
		{91A63DF7-5637-48F7-9CCB-771EFE137D89}.Editor_Hybrid|Win32.ActiveCfg = Editor_Hybrid|Win32
		{91A63DF7-5637-48F7-9CCB-771EFE137D89}.Editor_Hybrid|Win32.Build.0 = Editor_Hybrid|Win32
		{1B65A8A1-9FC1-4EB2-83F1-D628E71247FC}.Editor_Debug|Win32.ActiveCfg = Editor_Debug|Win32
		{1B65A8A1-9FC1-4EB2-83F1-D628E71247FC}.Editor_Debug|Win32.Build.0 = Editor_Debug|Win32
		{1B65A8A1-9FC1-4EB2-83F1-D628E71247FC}.Editor_Eval|Win32.ActiveCfg = Editor_Hybrid|Win32
		{1B65A8A1-9FC1-4EB2-83F1-D628E71247FC}.Editor_Eval|Win32.Build.0 = Editor_Hybrid|Win32
		{1B65A8A1-9FC1-4EB2-83F1-D628E71247FC}.Editor_Hybrid_Indie|Win32.ActiveCfg = Editor_Hybrid_Indie|Win32
		{1B65A8A1-9FC1-4EB2-83F1-D628E71247FC}.Editor_Hybrid_Indie|Win32.Build.0 = Editor_Hybrid_Indie|Win32
		{1B65A8A1-9FC1-4EB2-83F1-D628E71247FC}.Editor_Hybrid|Win32.ActiveCfg = Editor_Hybrid|Win32
		{1B65A8A1-9FC1-4EB2-83F1-D628E71247FC}.Editor_Hybrid|Win32.Build.0 = Editor_Hybrid|Win32
		{CF7AC3D1-E2DF-41D2-BEA6-1E2556CDEA26}.Editor_Debug|Win32.ActiveCfg = Editor_Debug|Win32
		{CF7AC3D1-E2DF-41D2-BEA6-1E2556CDEA26}.Editor_Debug|Win32.Build.0 = Editor_Debug|Win32
		{CF7AC3D1-E2DF-41D2-BEA6-1E2556CDEA26}.Editor_Eval|Win32.ActiveCfg = Editor_Hybrid|Win32
		{CF7AC3D1-E2DF-41D2-BEA6-1E2556CDEA26}.Editor_Eval|Win32.Build.0 = Editor_Hybrid|Win32
		{CF7AC3D1-E2DF-41D2-BEA6-1E2556CDEA26}.Editor_Hybrid_Indie|Win32.ActiveCfg = Editor_Hybrid_Indie|Win32
		{CF7AC3D1-E2DF-41D2-BEA6-1E2556CDEA26}.Editor_Hybrid_Indie|Win32.Build.0 = Editor_Hybrid_Indie|Win32
		{CF7AC3D1-E2DF-41D2-BEA6-1E2556CDEA26}.Editor_Hybrid|Win32.ActiveCfg = Editor_Hybrid|Win32
		{CF7AC3D1-E2DF-41D2-BEA6-1E2556CDEA26}.Editor_Hybrid|Win32.Build.0 = Editor_Hybrid|Win32
		{DB0DFFD4-284A-4EA7-8178-8BE7030C1B61}.Editor_Debug|Win32.ActiveCfg = Editor_Debug|Win32
		{DB0DFFD4-284A-4EA7-8178-8BE7030C1B61}.Editor_Debug|Win32.Build.0 = Editor_Debug|Win32
		{DB0DFFD4-284A-4EA7-8178-8BE7030C1B61}.Editor_Eval|Win32.ActiveCfg = Editor_Hybrid|Win32
		{DB0DFFD4-284A-4EA7-8178-8BE7030C1B61}.Editor_Eval|Win32.Build.0 = Editor_Hybrid|Win32
		{DB0DFFD4-284A-4EA7-8178-8BE7030C1B61}.Editor_Hybrid_Indie|Win32.ActiveCfg = Editor_Hybrid_Indie|Win32
		{DB0DFFD4-284A-4EA7-8178-8BE7030C1B61}.Editor_Hybrid_Indie|Win32.Build.0 = Editor_Hybrid_Indie|Win32
		{DB0DFFD4-284A-4EA7-8178-8BE7030C1B61}.Editor_Hybrid|Win32.ActiveCfg = Editor_Hybrid|Win32
		{DB0DFFD4-284A-4EA7-8178-8BE7030C1B61}.Editor_Hybrid|Win32.Build.0 = Editor_Hybrid|Win32
		{4AEF9430-3078-42D9-BB8E-045D4865F7EE}.Editor_Debug|Win32.ActiveCfg = Editor_Debug|Win32
		{4AEF9430-3078-42D9-BB8E-045D4865F7EE}.Editor_Debug|Win32.Build.0 = Editor_Debug|Win32
		{4AEF9430-3078-42D9-BB8E-045D4865F7EE}.Editor_Eval|Win32.ActiveCfg = Editor_Hybrid|Win32
		{4AEF9430-3078-42D9-BB8E-045D4865F7EE}.Editor_Eval|Win32.Build.0 = Editor_Hybrid|Win32
		{4AEF9430-3078-42D9-BB8E-045D4865F7EE}.Editor_Hybrid_Indie|Win32.ActiveCfg = Editor_Hybrid_Indie|Win32
		{4AEF9430-3078-42D9-BB8E-045D4865F7EE}.Editor_Hybrid_Indie|Win32.Build.0 = Editor_Hybrid_Indie|Win32
		{4AEF9430-3078-42D9-BB8E-045D4865F7EE}.Editor_Hybrid|Win32.ActiveCfg = Editor_Hybrid|Win32
		{4AEF9430-3078-42D9-BB8E-045D4865F7EE}.Editor_Hybrid|Win32.Build.0 = Editor_Hybrid|Win32
		{815069A2-799D-4958-B65D-039F4C9477C7}.Editor_Debug|Win32.ActiveCfg = Editor_Debug|Win32
		{815069A2-799D-4958-B65D-039F4C9477C7}.Editor_Debug|Win32.Build.0 = Editor_Debug|Win32
		{815069A2-799D-4958-B65D-039F4C9477C7}.Editor_Eval|Win32.ActiveCfg = Editor_Hybrid|Win32
		{815069A2-799D-4958-B65D-039F4C9477C7}.Editor_Eval|Win32.Build.0 = Editor_Hybrid|Win32
		{815069A2-799D-4958-B65D-039F4C9477C7}.Editor_Hybrid_Indie|Win32.ActiveCfg = Editor_Hybrid_Indie|Win32
		{815069A2-799D-4958-B65D-039F4C9477C7}.Editor_Hybrid_Indie|Win32.Build.0 = Editor_Hybrid_Indie|Win32
		{815069A2-799D-4958-B65D-039F4C9477C7}.Editor_Hybrid|Win32.ActiveCfg = Editor_Hybrid|Win32
		{815069A2-799D-4958-B65D-039F4C9477C7}.Editor_Hybrid|Win32.Build.0 = Editor_Hybrid|Win32
		{F158F1DC-D98F-465E-A153-D73259884A9F}.Editor_Debug|Win32.ActiveCfg = Editor_Debug|Win32
		{F158F1DC-D98F-465E-A153-D73259884A9F}.Editor_Debug|Win32.Build.0 = Editor_Debug|Win32
		{F158F1DC-D98F-465E-A153-D73259884A9F}.Editor_Eval|Win32.ActiveCfg = Editor_Hybrid|Win32
		{F158F1DC-D98F-465E-A153-D73259884A9F}.Editor_Eval|Win32.Build.0 = Editor_Hybrid|Win32
		{F158F1DC-D98F-465E-A153-D73259884A9F}.Editor_Hybrid_Indie|Win32.ActiveCfg = Editor_Hybrid_Indie|Win32
		{F158F1DC-D98F-465E-A153-D73259884A9F}.Editor_Hybrid_Indie|Win32.Build.0 = Editor_Hybrid_Indie|Win32
		{F158F1DC-D98F-465E-A153-D73259884A9F}.Editor_Hybrid|Win32.ActiveCfg = Editor_Hybrid|Win32
		{F158F1DC-D98F-465E-A153-D73259884A9F}.Editor_Hybrid|Win32.Build.0 = Editor_Hybrid|Win32
		{879B9D6D-C3AB-41C7-8EEC-B7B36C4AE5E8}.Editor_Debug|Win32.ActiveCfg = Editor_Debug|Win32
		{879B9D6D-C3AB-41C7-8EEC-B7B36C4AE5E8}.Editor_Debug|Win32.Build.0 = Editor_Debug|Win32
		{879B9D6D-C3AB-41C7-8EEC-B7B36C4AE5E8}.Editor_Eval|Win32.ActiveCfg = Editor_Hybrid|Win32
		{879B9D6D-C3AB-41C7-8EEC-B7B36C4AE5E8}.Editor_Eval|Win32.Build.0 = Editor_Hybrid|Win32
		{879B9D6D-C3AB-41C7-8EEC-B7B36C4AE5E8}.Editor_Hybrid_Indie|Win32.ActiveCfg = Editor_Hybrid_Indie|Win32
		{879B9D6D-C3AB-41C7-8EEC-B7B36C4AE5E8}.Editor_Hybrid_Indie|Win32.Build.0 = Editor_Hybrid_Indie|Win32
		{879B9D6D-C3AB-41C7-8EEC-B7B36C4AE5E8}.Editor_Hybrid|Win32.ActiveCfg = Editor_Hybrid|Win32
		{879B9D6D-C3AB-41C7-8EEC-B7B36C4AE5E8}.Editor_Hybrid|Win32.Build.0 = Editor_Hybrid|Win32
		{FCBC63D4-C80E-4194-BEBD-DF85DD22A06A}.Editor_Debug|Win32.ActiveCfg = Editor_Debug|Win32
		{FCBC63D4-C80E-4194-BEBD-DF85DD22A06A}.Editor_Debug|Win32.Build.0 = Editor_Debug|Win32
		{FCBC63D4-C80E-4194-BEBD-DF85DD22A06A}.Editor_Eval|Win32.ActiveCfg = Editor_Hybrid|Win32
		{FCBC63D4-C80E-4194-BEBD-DF85DD22A06A}.Editor_Eval|Win32.Build.0 = Editor_Hybrid|Win32
		{FCBC63D4-C80E-4194-BEBD-DF85DD22A06A}.Editor_Hybrid_Indie|Win32.ActiveCfg = Editor_Hybrid_Indie|Win32
		{FCBC63D4-C80E-4194-BEBD-DF85DD22A06A}.Editor_Hybrid_Indie|Win32.Build.0 = Editor_Hybrid_Indie|Win32
		{FCBC63D4-C80E-4194-BEBD-DF85DD22A06A}.Editor_Hybrid|Win32.ActiveCfg = Editor_Hybrid|Win32
		{FCBC63D4-C80E-4194-BEBD-DF85DD22A06A}.Editor_Hybrid|Win32.Build.0 = Editor_Hybrid|Win32
		{BDB0F10C-888F-4CFE-840E-F9C0EC4D4CCD}.Editor_Debug|Win32.ActiveCfg = Editor_Debug|Win32
		{BDB0F10C-888F-4CFE-840E-F9C0EC4D4CCD}.Editor_Debug|Win32.Build.0 = Editor_Debug|Win32
		{BDB0F10C-888F-4CFE-840E-F9C0EC4D4CCD}.Editor_Eval|Win32.ActiveCfg = Editor_Hybrid|Win32
		{BDB0F10C-888F-4CFE-840E-F9C0EC4D4CCD}.Editor_Eval|Win32.Build.0 = Editor_Hybrid|Win32
		{BDB0F10C-888F-4CFE-840E-F9C0EC4D4CCD}.Editor_Hybrid_Indie|Win32.ActiveCfg = Editor_Hybrid_Indie|Win32
		{BDB0F10C-888F-4CFE-840E-F9C0EC4D4CCD}.Editor_Hybrid_Indie|Win32.Build.0 = Editor_Hybrid_Indie|Win32
		{BDB0F10C-888F-4CFE-840E-F9C0EC4D4CCD}.Editor_Hybrid|Win32.ActiveCfg = Editor_Hybrid|Win32
		{BDB0F10C-888F-4CFE-840E-F9C0EC4D4CCD}.Editor_Hybrid|Win32.Build.0 = Editor_Hybrid|Win32
		{C9544704-7EC3-4E3B-B989-EDC0685F7FC4}.Editor_Debug|Win32.ActiveCfg = Editor_Debug|Win32
		{C9544704-7EC3-4E3B-B989-EDC0685F7FC4}.Editor_Debug|Win32.Build.0 = Editor_Debug|Win32
		{C9544704-7EC3-4E3B-B989-EDC0685F7FC4}.Editor_Eval|Win32.ActiveCfg = Editor_Hybrid|Win32
		{C9544704-7EC3-4E3B-B989-EDC0685F7FC4}.Editor_Eval|Win32.Build.0 = Editor_Hybrid|Win32
		{C9544704-7EC3-4E3B-B989-EDC0685F7FC4}.Editor_Hybrid_Indie|Win32.ActiveCfg = Editor_Hybrid_Indie|Win32
		{C9544704-7EC3-4E3B-B989-EDC0685F7FC4}.Editor_Hybrid_Indie|Win32.Build.0 = Editor_Hybrid_Indie|Win32
		{C9544704-7EC3-4E3B-B989-EDC0685F7FC4}.Editor_Hybrid|Win32.ActiveCfg = Editor_Hybrid|Win32
		{C9544704-7EC3-4E3B-B989-EDC0685F7FC4}.Editor_Hybrid|Win32.Build.0 = Editor_Hybrid|Win32
		{DD2855FE-9DF5-4EB1-9E0A-D7C41E05CB57}.Editor_Debug|Win32.ActiveCfg = Editor_Debug|Win32
		{DD2855FE-9DF5-4EB1-9E0A-D7C41E05CB57}.Editor_Debug|Win32.Build.0 = Editor_Debug|Win32
		{DD2855FE-9DF5-4EB1-9E0A-D7C41E05CB57}.Editor_Eval|Win32.ActiveCfg = Editor_Hybrid_Indie|Win32
		{DD2855FE-9DF5-4EB1-9E0A-D7C41E05CB57}.Editor_Eval|Win32.Build.0 = Editor_Hybrid_Indie|Win32
		{DD2855FE-9DF5-4EB1-9E0A-D7C41E05CB57}.Editor_Hybrid_Indie|Win32.ActiveCfg = Editor_Hybrid_Indie|Win32
		{DD2855FE-9DF5-4EB1-9E0A-D7C41E05CB57}.Editor_Hybrid_Indie|Win32.Build.0 = Editor_Hybrid_Indie|Win32
		{DD2855FE-9DF5-4EB1-9E0A-D7C41E05CB57}.Editor_Hybrid|Win32.ActiveCfg = Editor_Hybrid|Win32
		{DD2855FE-9DF5-4EB1-9E0A-D7C41E05CB57}.Editor_Hybrid|Win32.Build.0 = Editor_Hybrid|Win32
		{EE3DFE6A-A2DF-4E42-B282-ED1571B3ADF9}.Editor_Debug|Win32.ActiveCfg = Editor_Debug|Win32
		{EE3DFE6A-A2DF-4E42-B282-ED1571B3ADF9}.Editor_Debug|Win32.Build.0 = Editor_Debug|Win32
		{EE3DFE6A-A2DF-4E42-B282-ED1571B3ADF9}.Editor_Eval|Win32.ActiveCfg = Editor_Hybrid_Indie|Win32
		{EE3DFE6A-A2DF-4E42-B282-ED1571B3ADF9}.Editor_Eval|Win32.Build.0 = Editor_Hybrid_Indie|Win32
		{EE3DFE6A-A2DF-4E42-B282-ED1571B3ADF9}.Editor_Hybrid_Indie|Win32.ActiveCfg = Editor_Hybrid_Indie|Win32
		{EE3DFE6A-A2DF-4E42-B282-ED1571B3ADF9}.Editor_Hybrid_Indie|Win32.Build.0 = Editor_Hybrid_Indie|Win32
		{EE3DFE6A-A2DF-4E42-B282-ED1571B3ADF9}.Editor_Hybrid|Win32.ActiveCfg = Editor_Hybrid|Win32
		{EE3DFE6A-A2DF-4E42-B282-ED1571B3ADF9}.Editor_Hybrid|Win32.Build.0 = Editor_Hybrid|Win32
	EndGlobalSection
	GlobalSection(SolutionProperties) = preSolution
		HideSolutionNode = FALSE
	EndGlobalSection
	GlobalSection(NestedProjects) = preSolution
		{BDB0F10C-888F-4CFE-840E-F9C0EC4D4CCD} = {AE2B8170-9E8B-4A6A-8804-1ECCEF8D07D3}
		{C9544704-7EC3-4E3B-B989-EDC0685F7FC4} = {AE2B8170-9E8B-4A6A-8804-1ECCEF8D07D3}
		{DD2855FE-9DF5-4EB1-9E0A-D7C41E05CB57} = {AE2B8170-9E8B-4A6A-8804-1ECCEF8D07D3}
	EndGlobalSection
EndGlobal
